// !$*UTF8*$!
{
	archiveVersion = 1;
	classes = {
	};
	objectVersion = 48;
	objects = {

/* Begin PBXBuildFile section */
		18498596224B69EB005B2C06 /* 2012年下.docx in Resources */ = {isa = PBXBuildFile; fileRef = 18498588224B69E9005B2C06 /* 2012年下.docx */; };
		18498597224B69EB005B2C06 /* 2014年上.docx in Resources */ = {isa = PBXBuildFile; fileRef = 18498589224B69E9005B2C06 /* 2014年上.docx */; };
		18498598224B69EB005B2C06 /* 2012年上.docx in Resources */ = {isa = PBXBuildFile; fileRef = 1849858A224B69E9005B2C06 /* 2012年上.docx */; };
		18498599224B69EB005B2C06 /* 2009年上.docx in Resources */ = {isa = PBXBuildFile; fileRef = 1849858B224B69E9005B2C06 /* 2009年上.docx */; };
		1849859A224B69EB005B2C06 /* 2015年下.docx in Resources */ = {isa = PBXBuildFile; fileRef = 1849858C224B69E9005B2C06 /* 2015年下.docx */; };
		1849859B224B69EB005B2C06 /* 2013年上.docx in Resources */ = {isa = PBXBuildFile; fileRef = 1849858D224B69E9005B2C06 /* 2013年上.docx */; };
		1849859C224B69EB005B2C06 /* 2011年下.docx in Resources */ = {isa = PBXBuildFile; fileRef = 1849858E224B69EA005B2C06 /* 2011年下.docx */; };
		1849859D224B69EB005B2C06 /* 2009年下.docx in Resources */ = {isa = PBXBuildFile; fileRef = 1849858F224B69EA005B2C06 /* 2009年下.docx */; };
		1849859E224B69EB005B2C06 /* 2010年下.docx in Resources */ = {isa = PBXBuildFile; fileRef = 18498590224B69EA005B2C06 /* 2010年下.docx */; };
		1849859F224B69EB005B2C06 /* 2010年上.docx in Resources */ = {isa = PBXBuildFile; fileRef = 18498591224B69EA005B2C06 /* 2010年上.docx */; };
		184985A0224B69EB005B2C06 /* 2015年上.docx in Resources */ = {isa = PBXBuildFile; fileRef = 18498592224B69EA005B2C06 /* 2015年上.docx */; };
		184985A1224B69EB005B2C06 /* 2011年上.docx in Resources */ = {isa = PBXBuildFile; fileRef = 18498593224B69EA005B2C06 /* 2011年上.docx */; };
		184985A2224B69EB005B2C06 /* 2014年下.docx in Resources */ = {isa = PBXBuildFile; fileRef = 18498594224B69EA005B2C06 /* 2014年下.docx */; };
		184985A3224B69EB005B2C06 /* 2013年下.docx in Resources */ = {isa = PBXBuildFile; fileRef = 18498595224B69EA005B2C06 /* 2013年下.docx */; };
		19186D9C20D6B7A00031CB8F /* PPSAnalysisViewController.m in Sources */ = {isa = PBXBuildFile; fileRef = 19186D9B20D6B7A00031CB8F /* PPSAnalysisViewController.m */; };
		19186DA120D89E550031CB8F /* share_unsel@3x.png in Resources */ = {isa = PBXBuildFile; fileRef = 19186D9F20D89E550031CB8F /* share_unsel@3x.png */; };
		19186DA220D89E550031CB8F /* share_sel@3x.png in Resources */ = {isa = PBXBuildFile; fileRef = 19186DA020D89E550031CB8F /* share_sel@3x.png */; };
		19186DA520D8A0D70031CB8F /* PPSBlogViewController.m in Sources */ = {isa = PBXBuildFile; fileRef = 19186DA420D8A0D70031CB8F /* PPSBlogViewController.m */; };
		19186DA820D8AA7B0031CB8F /* UIImage+PPSAddition.m in Sources */ = {isa = PBXBuildFile; fileRef = 19186DA720D8AA7B0031CB8F /* UIImage+PPSAddition.m */; };
		19186DAC20D8E3E20031CB8F /* PPSTrendView.m in Sources */ = {isa = PBXBuildFile; fileRef = 19186DAB20D8E3E20031CB8F /* PPSTrendView.m */; };
		19186DAF20D8E4C80031CB8F /* PPSAnalysisViewModel.m in Sources */ = {isa = PBXBuildFile; fileRef = 19186DAE20D8E4C80031CB8F /* PPSAnalysisViewModel.m */; };
		19186DC320DA87E30031CB8F /* add@3x.png in Resources */ = {isa = PBXBuildFile; fileRef = 19186DC220DA87E30031CB8F /* add@3x.png */; };
		19186DC620DA89930031CB8F /* PPSInputTaskView.m in Sources */ = {isa = PBXBuildFile; fileRef = 19186DC520DA89930031CB8F /* PPSInputTaskView.m */; };
		19205D44214FF316001035CC /* 001.mp3 in Resources */ = {isa = PBXBuildFile; fileRef = 19205D43214FF316001035CC /* 001.mp3 */; };
		19205D4C2155E307001035CC /* PPSFreelyTableViewDelegate.m in Sources */ = {isa = PBXBuildFile; fileRef = 19205D4B2155E307001035CC /* PPSFreelyTableViewDelegate.m */; };
		19205D4F2155E32B001035CC /* PPSFreelyTableViewDatasource.m in Sources */ = {isa = PBXBuildFile; fileRef = 19205D4E2155E32B001035CC /* PPSFreelyTableViewDatasource.m */; };
		19205D552155F055001035CC /* PPSFreelyViewController.m in Sources */ = {isa = PBXBuildFile; fileRef = 19205D522155F055001035CC /* PPSFreelyViewController.m */; };
		19205D5A2155F0BE001035CC /* PPSFreelyWordTableViewCell.m in Sources */ = {isa = PBXBuildFile; fileRef = 19205D582155F0BE001035CC /* PPSFreelyWordTableViewCell.m */; };
		19205D5B2155F0BE001035CC /* PPSFreelyWordTableViewCell.xib in Resources */ = {isa = PBXBuildFile; fileRef = 19205D592155F0BE001035CC /* PPSFreelyWordTableViewCell.xib */; };
		19205D5F2155F0CF001035CC /* PPSFreelyAudioTableViewCell.m in Sources */ = {isa = PBXBuildFile; fileRef = 19205D5D2155F0CF001035CC /* PPSFreelyAudioTableViewCell.m */; };
		19205D602155F0CF001035CC /* PPSFreelyAudioTableViewCell.xib in Resources */ = {isa = PBXBuildFile; fileRef = 19205D5E2155F0CF001035CC /* PPSFreelyAudioTableViewCell.xib */; };
		19205D632156295C001035CC /* PPSFreelyTableViewHeaderView.m in Sources */ = {isa = PBXBuildFile; fileRef = 19205D622156295C001035CC /* PPSFreelyTableViewHeaderView.m */; };
		193F251720AEC68300F08873 /* PPSHomeViewController.m in Sources */ = {isa = PBXBuildFile; fileRef = 193F250220AEC68200F08873 /* PPSHomeViewController.m */; };
		193F251820AEC68300F08873 /* PPSOptionsTableViewModel.m in Sources */ = {isa = PBXBuildFile; fileRef = 193F250620AEC68200F08873 /* PPSOptionsTableViewModel.m */; };
		193F251920AEC68300F08873 /* PPSOptionsViewController.m in Sources */ = {isa = PBXBuildFile; fileRef = 193F250920AEC68200F08873 /* PPSOptionsViewController.m */; };
		193F251A20AEC68300F08873 /* PPSOptionModel.m in Sources */ = {isa = PBXBuildFile; fileRef = 193F250C20AEC68200F08873 /* PPSOptionModel.m */; };
		193F251B20AEC68300F08873 /* PPSOptionsTableViewCell.m in Sources */ = {isa = PBXBuildFile; fileRef = 193F250F20AEC68200F08873 /* PPSOptionsTableViewCell.m */; };
		193F251C20AEC68300F08873 /* AppDelegate.m in Sources */ = {isa = PBXBuildFile; fileRef = 193F251520AEC68200F08873 /* AppDelegate.m */; };
		193F251D20AEC68300F08873 /* PPSTabBarController.m in Sources */ = {isa = PBXBuildFile; fileRef = 193F251620AEC68200F08873 /* PPSTabBarController.m */; };
		193F252B20B1D11C00F08873 /* PPSOptionsTableViewDataSource.m in Sources */ = {isa = PBXBuildFile; fileRef = 193F252720B1D11C00F08873 /* PPSOptionsTableViewDataSource.m */; };
		193F252C20B1D11C00F08873 /* PPSOptionsTableViewDelegate.m in Sources */ = {isa = PBXBuildFile; fileRef = 193F252A20B1D11C00F08873 /* PPSOptionsTableViewDelegate.m */; };
		193F254620B2AF8300F08873 /* PPSRefreshFooter.m in Sources */ = {isa = PBXBuildFile; fileRef = 193F254220B2AF8300F08873 /* PPSRefreshFooter.m */; };
		193F254720B2AF8300F08873 /* PPSRefreshHeader.m in Sources */ = {isa = PBXBuildFile; fileRef = 193F254320B2AF8300F08873 /* PPSRefreshHeader.m */; };
		193F255120B69C2C00F08873 /* PPSTestUrl.m in Sources */ = {isa = PBXBuildFile; fileRef = 193F255020B69C2C00F08873 /* PPSTestUrl.m */; };
		193F259020B9B2F200F08873 /* NSLayoutConstraint+MASDebugAdditions.m in Sources */ = {isa = PBXBuildFile; fileRef = 193F257720B9B2F200F08873 /* NSLayoutConstraint+MASDebugAdditions.m */; };
		193F259120B9B2F200F08873 /* ViewController+MASAdditions.m in Sources */ = {isa = PBXBuildFile; fileRef = 193F258020B9B2F200F08873 /* ViewController+MASAdditions.m */; };
		193F259220B9B2F200F08873 /* MASCompositeConstraint.m in Sources */ = {isa = PBXBuildFile; fileRef = 193F258420B9B2F200F08873 /* MASCompositeConstraint.m */; };
		193F259320B9B2F200F08873 /* MASConstraintMaker.m in Sources */ = {isa = PBXBuildFile; fileRef = 193F258520B9B2F200F08873 /* MASConstraintMaker.m */; };
		193F259420B9B2F200F08873 /* MASLayoutConstraint.m in Sources */ = {isa = PBXBuildFile; fileRef = 193F258620B9B2F200F08873 /* MASLayoutConstraint.m */; };
		193F259520B9B2F200F08873 /* NSArray+MASAdditions.m in Sources */ = {isa = PBXBuildFile; fileRef = 193F258720B9B2F200F08873 /* NSArray+MASAdditions.m */; };
		193F259620B9B2F200F08873 /* View+MASAdditions.m in Sources */ = {isa = PBXBuildFile; fileRef = 193F258820B9B2F200F08873 /* View+MASAdditions.m */; };
		193F259720B9B2F200F08873 /* MASConstraint.m in Sources */ = {isa = PBXBuildFile; fileRef = 193F258B20B9B2F200F08873 /* MASConstraint.m */; };
		193F259820B9B2F200F08873 /* MASViewConstraint.m in Sources */ = {isa = PBXBuildFile; fileRef = 193F258D20B9B2F200F08873 /* MASViewConstraint.m */; };
		193F259920B9B2F200F08873 /* MASViewAttribute.m in Sources */ = {isa = PBXBuildFile; fileRef = 193F258E20B9B2F200F08873 /* MASViewAttribute.m */; };
		193F25AA20B9B69800F08873 /* AFURLResponseSerialization.m in Sources */ = {isa = PBXBuildFile; fileRef = 193F25A120B9B69800F08873 /* AFURLResponseSerialization.m */; };
		193F25AB20B9B69800F08873 /* AFHTTPSessionManager.m in Sources */ = {isa = PBXBuildFile; fileRef = 193F25A220B9B69800F08873 /* AFHTTPSessionManager.m */; };
		193F25AC20B9B69800F08873 /* AFURLSessionManager.m in Sources */ = {isa = PBXBuildFile; fileRef = 193F25A420B9B69800F08873 /* AFURLSessionManager.m */; };
		193F25AD20B9B69800F08873 /* AFURLRequestSerialization.m in Sources */ = {isa = PBXBuildFile; fileRef = 193F25A520B9B69800F08873 /* AFURLRequestSerialization.m */; };
		193F25AE20B9B69800F08873 /* AFNetworkReachabilityManager.m in Sources */ = {isa = PBXBuildFile; fileRef = 193F25A720B9B69800F08873 /* AFNetworkReachabilityManager.m */; };
		193F25AF20B9B69800F08873 /* AFSecurityPolicy.m in Sources */ = {isa = PBXBuildFile; fileRef = 193F25A820B9B69800F08873 /* AFSecurityPolicy.m */; };
		193F25B720BADFF700F08873 /* PPSHomeTableViewDelegate.m in Sources */ = {isa = PBXBuildFile; fileRef = 193F25B620BADFF700F08873 /* PPSHomeTableViewDelegate.m */; };
		193F25BA20BAE02E00F08873 /* PPSHomeTableViewDatasource.m in Sources */ = {isa = PBXBuildFile; fileRef = 193F25B920BAE02E00F08873 /* PPSHomeTableViewDatasource.m */; };
		193F25BD20BAE16900F08873 /* PPSHomeTableViewCell.m in Sources */ = {isa = PBXBuildFile; fileRef = 193F25BC20BAE16900F08873 /* PPSHomeTableViewCell.m */; };
		193F25C020BAE1F600F08873 /* PPSHomeModel.m in Sources */ = {isa = PBXBuildFile; fileRef = 193F25BF20BAE1F600F08873 /* PPSHomeModel.m */; };
		193F25C320BAE3C200F08873 /* PPSHomeTableViewModel.m in Sources */ = {isa = PBXBuildFile; fileRef = 193F25C220BAE3C200F08873 /* PPSHomeTableViewModel.m */; };
		193F25DA20BB0FD300F08873 /* MJPropertyType.m in Sources */ = {isa = PBXBuildFile; fileRef = 193F25C820BB0FD300F08873 /* MJPropertyType.m */; };
		193F25DB20BB0FD300F08873 /* NSObject+MJKeyValue.m in Sources */ = {isa = PBXBuildFile; fileRef = 193F25CB20BB0FD300F08873 /* NSObject+MJKeyValue.m */; };
		193F25DC20BB0FD300F08873 /* MJProperty.m in Sources */ = {isa = PBXBuildFile; fileRef = 193F25CC20BB0FD300F08873 /* MJProperty.m */; };
		193F25DD20BB0FD300F08873 /* NSObject+MJCoding.m in Sources */ = {isa = PBXBuildFile; fileRef = 193F25CE20BB0FD300F08873 /* NSObject+MJCoding.m */; };
		193F25DE20BB0FD300F08873 /* MJExtensionConst.m in Sources */ = {isa = PBXBuildFile; fileRef = 193F25D020BB0FD300F08873 /* MJExtensionConst.m */; };
		193F25DF20BB0FD300F08873 /* NSObject+MJProperty.m in Sources */ = {isa = PBXBuildFile; fileRef = 193F25D120BB0FD300F08873 /* NSObject+MJProperty.m */; };
		193F25E020BB0FD300F08873 /* NSObject+MJClass.m in Sources */ = {isa = PBXBuildFile; fileRef = 193F25D320BB0FD300F08873 /* NSObject+MJClass.m */; };
		193F25E120BB0FD300F08873 /* NSString+MJExtension.m in Sources */ = {isa = PBXBuildFile; fileRef = 193F25D420BB0FD300F08873 /* NSString+MJExtension.m */; };
		193F25E220BB0FD300F08873 /* MJPropertyKey.m in Sources */ = {isa = PBXBuildFile; fileRef = 193F25D520BB0FD300F08873 /* MJPropertyKey.m */; };
		193F25E320BB0FD300F08873 /* MJFoundation.m in Sources */ = {isa = PBXBuildFile; fileRef = 193F25D920BB0FD300F08873 /* MJFoundation.m */; };
		197DAE9620E47AED002D7B8C /* awesomeResume in Resources */ = {isa = PBXBuildFile; fileRef = 197DAE9520E47AEC002D7B8C /* awesomeResume */; };
		19911C2920ECC419007C24F4 /* UITextView+PPSAddition.m in Sources */ = {isa = PBXBuildFile; fileRef = 19911C2820ECC419007C24F4 /* UITextView+PPSAddition.m */; };
		19911C2C20ECCEE9007C24F4 /* PPSClockView.m in Sources */ = {isa = PBXBuildFile; fileRef = 19911C2B20ECCEE9007C24F4 /* PPSClockView.m */; };
		19911C3D20EE1930007C24F4 /* UIView+Extension.m in Sources */ = {isa = PBXBuildFile; fileRef = 19911C3B20EE1930007C24F4 /* UIView+Extension.m */; };
		199A0658215740120026D37F /* PPSFreelyReadViewController.m in Sources */ = {isa = PBXBuildFile; fileRef = 199A0656215740120026D37F /* PPSFreelyReadViewController.m */; };
		199A0659215740120026D37F /* PPSFreelyReadViewController.xib in Resources */ = {isa = PBXBuildFile; fileRef = 199A0657215740120026D37F /* PPSFreelyReadViewController.xib */; };
		199A065E215A90510026D37F /* 2016年上.docx in Resources */ = {isa = PBXBuildFile; fileRef = 199A065A215A90500026D37F /* 2016年上.docx */; };
		199A065F215A90510026D37F /* 2017年下.docx in Resources */ = {isa = PBXBuildFile; fileRef = 199A065B215A90500026D37F /* 2017年下.docx */; };
		199A0660215A90510026D37F /* 2016年下.docx in Resources */ = {isa = PBXBuildFile; fileRef = 199A065C215A90500026D37F /* 2016年下.docx */; };
		199A0661215A90510026D37F /* 2017年上.docx in Resources */ = {isa = PBXBuildFile; fileRef = 199A065D215A90510026D37F /* 2017年上.docx */; };
		199A0664215BC83C0026D37F /* PPSFreelyViewModel.m in Sources */ = {isa = PBXBuildFile; fileRef = 199A0663215BC83C0026D37F /* PPSFreelyViewModel.m */; };
		199A0668215BCA340026D37F /* PPSFreelyAudioViewController.m in Sources */ = {isa = PBXBuildFile; fileRef = 199A0666215BCA340026D37F /* PPSFreelyAudioViewController.m */; };
		199A0669215BCA340026D37F /* PPSFreelyAudioViewController.xib in Resources */ = {isa = PBXBuildFile; fileRef = 199A0667215BCA340026D37F /* PPSFreelyAudioViewController.xib */; };
		199A066E215BCAB30026D37F /* 古代奇案001.mp3 in Resources */ = {isa = PBXBuildFile; fileRef = 199A066B215BCAB20026D37F /* 古代奇案001.mp3 */; };
		199A066F215BCAB30026D37F /* 古代奇案003.mp3 in Resources */ = {isa = PBXBuildFile; fileRef = 199A066C215BCAB20026D37F /* 古代奇案003.mp3 */; };
		199A0670215BCAB30026D37F /* 古代奇案002.mp3 in Resources */ = {isa = PBXBuildFile; fileRef = 199A066D215BCAB20026D37F /* 古代奇案002.mp3 */; };
		19BDD09620D539FC00C9117D /* PPSDataBaseHelper.m in Sources */ = {isa = PBXBuildFile; fileRef = 19BDD08E20D539FC00C9117D /* PPSDataBaseHelper.m */; };
		19BDD09720D539FC00C9117D /* NSString+PPSAddition.m in Sources */ = {isa = PBXBuildFile; fileRef = 19BDD09120D539FC00C9117D /* NSString+PPSAddition.m */; };
		19BDD09820D539FC00C9117D /* patient.jpg in Resources */ = {isa = PBXBuildFile; fileRef = 19BDD09420D539FC00C9117D /* patient.jpg */; };
		19BDD09920D539FC00C9117D /* positive.png in Resources */ = {isa = PBXBuildFile; fileRef = 19BDD09520D539FC00C9117D /* positive.png */; };
		19E1517C20A4374D001D6E60 /* Main.storyboard in Resources */ = {isa = PBXBuildFile; fileRef = 19E1517A20A4374D001D6E60 /* Main.storyboard */; };
		19E1517E20A4374D001D6E60 /* Assets.xcassets in Resources */ = {isa = PBXBuildFile; fileRef = 19E1517D20A4374D001D6E60 /* Assets.xcassets */; };
		19E1518120A4374D001D6E60 /* LaunchScreen.storyboard in Resources */ = {isa = PBXBuildFile; fileRef = 19E1517F20A4374D001D6E60 /* LaunchScreen.storyboard */; };
		19E1518420A4374D001D6E60 /* main.m in Sources */ = {isa = PBXBuildFile; fileRef = 19E1518320A4374D001D6E60 /* main.m */; };
		19E1518E20A4374D001D6E60 /* PositivePersonsTests.m in Sources */ = {isa = PBXBuildFile; fileRef = 19E1518D20A4374D001D6E60 /* PositivePersonsTests.m */; };
		19E1519920A4374E001D6E60 /* PositivePersonsUITests.m in Sources */ = {isa = PBXBuildFile; fileRef = 19E1519820A4374E001D6E60 /* PositivePersonsUITests.m */; };
		19FD430F2104AB20008878CF /* PPSHomeHeaderView.m in Sources */ = {isa = PBXBuildFile; fileRef = 19FD430E2104AB20008878CF /* PPSHomeHeaderView.m */; };
		42129A99465F8C1F712115C3 /* libPods-PositivePersons.a in Frameworks */ = {isa = PBXBuildFile; fileRef = 7B79EB732C51B29357289897 /* libPods-PositivePersons.a */; };
/* End PBXBuildFile section */

/* Begin PBXContainerItemProxy section */
		19E1518A20A4374D001D6E60 /* PBXContainerItemProxy */ = {
			isa = PBXContainerItemProxy;
			containerPortal = 19E1516920A4374D001D6E60 /* Project object */;
			proxyType = 1;
			remoteGlobalIDString = 19E1517020A4374D001D6E60;
			remoteInfo = PositivePersons;
		};
		19E1519520A4374E001D6E60 /* PBXContainerItemProxy */ = {
			isa = PBXContainerItemProxy;
			containerPortal = 19E1516920A4374D001D6E60 /* Project object */;
			proxyType = 1;
			remoteGlobalIDString = 19E1517020A4374D001D6E60;
			remoteInfo = PositivePersons;
		};
/* End PBXContainerItemProxy section */

/* Begin PBXFileReference section */
		00666E991F76909CB0DFC444 /* Pods-PositivePersons.release.xcconfig */ = {isa = PBXFileReference; includeInIndex = 1; lastKnownFileType = text.xcconfig; name = "Pods-PositivePersons.release.xcconfig"; path = "Pods/Target Support Files/Pods-PositivePersons/Pods-PositivePersons.release.xcconfig"; sourceTree = "<group>"; };
		18498588224B69E9005B2C06 /* 2012年下.docx */ = {isa = PBXFileReference; lastKnownFileType = file; path = "2012年下.docx"; sourceTree = "<group>"; };
		18498589224B69E9005B2C06 /* 2014年上.docx */ = {isa = PBXFileReference; lastKnownFileType = file; path = "2014年上.docx"; sourceTree = "<group>"; };
		1849858A224B69E9005B2C06 /* 2012年上.docx */ = {isa = PBXFileReference; lastKnownFileType = file; path = "2012年上.docx"; sourceTree = "<group>"; };
		1849858B224B69E9005B2C06 /* 2009年上.docx */ = {isa = PBXFileReference; lastKnownFileType = file; path = "2009年上.docx"; sourceTree = "<group>"; };
		1849858C224B69E9005B2C06 /* 2015年下.docx */ = {isa = PBXFileReference; lastKnownFileType = file; path = "2015年下.docx"; sourceTree = "<group>"; };
		1849858D224B69E9005B2C06 /* 2013年上.docx */ = {isa = PBXFileReference; lastKnownFileType = file; path = "2013年上.docx"; sourceTree = "<group>"; };
		1849858E224B69EA005B2C06 /* 2011年下.docx */ = {isa = PBXFileReference; lastKnownFileType = file; path = "2011年下.docx"; sourceTree = "<group>"; };
		1849858F224B69EA005B2C06 /* 2009年下.docx */ = {isa = PBXFileReference; lastKnownFileType = file; path = "2009年下.docx"; sourceTree = "<group>"; };
		18498590224B69EA005B2C06 /* 2010年下.docx */ = {isa = PBXFileReference; lastKnownFileType = file; path = "2010年下.docx"; sourceTree = "<group>"; };
		18498591224B69EA005B2C06 /* 2010年上.docx */ = {isa = PBXFileReference; lastKnownFileType = file; path = "2010年上.docx"; sourceTree = "<group>"; };
		18498592224B69EA005B2C06 /* 2015年上.docx */ = {isa = PBXFileReference; lastKnownFileType = file; path = "2015年上.docx"; sourceTree = "<group>"; };
		18498593224B69EA005B2C06 /* 2011年上.docx */ = {isa = PBXFileReference; lastKnownFileType = file; path = "2011年上.docx"; sourceTree = "<group>"; };
		18498594224B69EA005B2C06 /* 2014年下.docx */ = {isa = PBXFileReference; lastKnownFileType = file; path = "2014年下.docx"; sourceTree = "<group>"; };
		18498595224B69EA005B2C06 /* 2013年下.docx */ = {isa = PBXFileReference; lastKnownFileType = file; path = "2013年下.docx"; sourceTree = "<group>"; };
		19186D9A20D6B7A00031CB8F /* PPSAnalysisViewController.h */ = {isa = PBXFileReference; lastKnownFileType = sourcecode.c.h; path = PPSAnalysisViewController.h; sourceTree = "<group>"; };
		19186D9B20D6B7A00031CB8F /* PPSAnalysisViewController.m */ = {isa = PBXFileReference; lastKnownFileType = sourcecode.c.objc; path = PPSAnalysisViewController.m; sourceTree = "<group>"; };
		19186D9D20D89B100031CB8F /* libxml2.2.tbd */ = {isa = PBXFileReference; lastKnownFileType = "sourcecode.text-based-dylib-definition"; name = libxml2.2.tbd; path = usr/lib/libxml2.2.tbd; sourceTree = SDKROOT; };
		19186D9F20D89E550031CB8F /* share_unsel@3x.png */ = {isa = PBXFileReference; lastKnownFileType = image.png; path = "share_unsel@3x.png"; sourceTree = "<group>"; };
		19186DA020D89E550031CB8F /* share_sel@3x.png */ = {isa = PBXFileReference; lastKnownFileType = image.png; path = "share_sel@3x.png"; sourceTree = "<group>"; };
		19186DA320D8A0D70031CB8F /* PPSBlogViewController.h */ = {isa = PBXFileReference; lastKnownFileType = sourcecode.c.h; path = PPSBlogViewController.h; sourceTree = "<group>"; };
		19186DA420D8A0D70031CB8F /* PPSBlogViewController.m */ = {isa = PBXFileReference; lastKnownFileType = sourcecode.c.objc; path = PPSBlogViewController.m; sourceTree = "<group>"; };
		19186DA620D8AA7B0031CB8F /* UIImage+PPSAddition.h */ = {isa = PBXFileReference; lastKnownFileType = sourcecode.c.h; path = "UIImage+PPSAddition.h"; sourceTree = "<group>"; };
		19186DA720D8AA7B0031CB8F /* UIImage+PPSAddition.m */ = {isa = PBXFileReference; lastKnownFileType = sourcecode.c.objc; path = "UIImage+PPSAddition.m"; sourceTree = "<group>"; };
		19186DAA20D8E3E20031CB8F /* PPSTrendView.h */ = {isa = PBXFileReference; lastKnownFileType = sourcecode.c.h; path = PPSTrendView.h; sourceTree = "<group>"; };
		19186DAB20D8E3E20031CB8F /* PPSTrendView.m */ = {isa = PBXFileReference; lastKnownFileType = sourcecode.c.objc; path = PPSTrendView.m; sourceTree = "<group>"; };
		19186DAD20D8E4C80031CB8F /* PPSAnalysisViewModel.h */ = {isa = PBXFileReference; lastKnownFileType = sourcecode.c.h; path = PPSAnalysisViewModel.h; sourceTree = "<group>"; };
		19186DAE20D8E4C80031CB8F /* PPSAnalysisViewModel.m */ = {isa = PBXFileReference; lastKnownFileType = sourcecode.c.objc; path = PPSAnalysisViewModel.m; sourceTree = "<group>"; };
		19186DB120D8ED2D0031CB8F /* PPSDefine.h */ = {isa = PBXFileReference; lastKnownFileType = sourcecode.c.h; path = PPSDefine.h; sourceTree = "<group>"; };
		19186DC220DA87E30031CB8F /* add@3x.png */ = {isa = PBXFileReference; lastKnownFileType = image.png; path = "add@3x.png"; sourceTree = "<group>"; };
		19186DC420DA89930031CB8F /* PPSInputTaskView.h */ = {isa = PBXFileReference; lastKnownFileType = sourcecode.c.h; path = PPSInputTaskView.h; sourceTree = "<group>"; };
		19186DC520DA89930031CB8F /* PPSInputTaskView.m */ = {isa = PBXFileReference; lastKnownFileType = sourcecode.c.objc; path = PPSInputTaskView.m; sourceTree = "<group>"; };
		19205D43214FF316001035CC /* 001.mp3 */ = {isa = PBXFileReference; lastKnownFileType = audio.mp3; path = 001.mp3; sourceTree = "<group>"; };
		19205D4A2155E307001035CC /* PPSFreelyTableViewDelegate.h */ = {isa = PBXFileReference; lastKnownFileType = sourcecode.c.h; path = PPSFreelyTableViewDelegate.h; sourceTree = "<group>"; };
		19205D4B2155E307001035CC /* PPSFreelyTableViewDelegate.m */ = {isa = PBXFileReference; lastKnownFileType = sourcecode.c.objc; path = PPSFreelyTableViewDelegate.m; sourceTree = "<group>"; };
		19205D4D2155E32B001035CC /* PPSFreelyTableViewDatasource.h */ = {isa = PBXFileReference; lastKnownFileType = sourcecode.c.h; path = PPSFreelyTableViewDatasource.h; sourceTree = "<group>"; };
		19205D4E2155E32B001035CC /* PPSFreelyTableViewDatasource.m */ = {isa = PBXFileReference; lastKnownFileType = sourcecode.c.objc; path = PPSFreelyTableViewDatasource.m; sourceTree = "<group>"; };
		19205D512155F055001035CC /* PPSFreelyViewController.h */ = {isa = PBXFileReference; fileEncoding = 4; lastKnownFileType = sourcecode.c.h; path = PPSFreelyViewController.h; sourceTree = "<group>"; };
		19205D522155F055001035CC /* PPSFreelyViewController.m */ = {isa = PBXFileReference; fileEncoding = 4; lastKnownFileType = sourcecode.c.objc; path = PPSFreelyViewController.m; sourceTree = "<group>"; };
		19205D572155F0BE001035CC /* PPSFreelyWordTableViewCell.h */ = {isa = PBXFileReference; lastKnownFileType = sourcecode.c.h; path = PPSFreelyWordTableViewCell.h; sourceTree = "<group>"; };
		19205D582155F0BE001035CC /* PPSFreelyWordTableViewCell.m */ = {isa = PBXFileReference; lastKnownFileType = sourcecode.c.objc; path = PPSFreelyWordTableViewCell.m; sourceTree = "<group>"; };
		19205D592155F0BE001035CC /* PPSFreelyWordTableViewCell.xib */ = {isa = PBXFileReference; lastKnownFileType = file.xib; path = PPSFreelyWordTableViewCell.xib; sourceTree = "<group>"; };
		19205D5C2155F0CF001035CC /* PPSFreelyAudioTableViewCell.h */ = {isa = PBXFileReference; lastKnownFileType = sourcecode.c.h; path = PPSFreelyAudioTableViewCell.h; sourceTree = "<group>"; };
		19205D5D2155F0CF001035CC /* PPSFreelyAudioTableViewCell.m */ = {isa = PBXFileReference; lastKnownFileType = sourcecode.c.objc; path = PPSFreelyAudioTableViewCell.m; sourceTree = "<group>"; };
		19205D5E2155F0CF001035CC /* PPSFreelyAudioTableViewCell.xib */ = {isa = PBXFileReference; lastKnownFileType = file.xib; path = PPSFreelyAudioTableViewCell.xib; sourceTree = "<group>"; };
		19205D612156295C001035CC /* PPSFreelyTableViewHeaderView.h */ = {isa = PBXFileReference; lastKnownFileType = sourcecode.c.h; path = PPSFreelyTableViewHeaderView.h; sourceTree = "<group>"; };
		19205D622156295C001035CC /* PPSFreelyTableViewHeaderView.m */ = {isa = PBXFileReference; lastKnownFileType = sourcecode.c.objc; path = PPSFreelyTableViewHeaderView.m; sourceTree = "<group>"; };
		193F250220AEC68200F08873 /* PPSHomeViewController.m */ = {isa = PBXFileReference; fileEncoding = 4; lastKnownFileType = sourcecode.c.objc; path = PPSHomeViewController.m; sourceTree = "<group>"; };
		193F250320AEC68200F08873 /* PPSHomeViewController.h */ = {isa = PBXFileReference; fileEncoding = 4; lastKnownFileType = sourcecode.c.h; path = PPSHomeViewController.h; sourceTree = "<group>"; };
		193F250620AEC68200F08873 /* PPSOptionsTableViewModel.m */ = {isa = PBXFileReference; fileEncoding = 4; lastKnownFileType = sourcecode.c.objc; path = PPSOptionsTableViewModel.m; sourceTree = "<group>"; };
		193F250720AEC68200F08873 /* PPSOptionsTableViewModel.h */ = {isa = PBXFileReference; fileEncoding = 4; lastKnownFileType = sourcecode.c.h; path = PPSOptionsTableViewModel.h; sourceTree = "<group>"; };
		193F250920AEC68200F08873 /* PPSOptionsViewController.m */ = {isa = PBXFileReference; fileEncoding = 4; lastKnownFileType = sourcecode.c.objc; path = PPSOptionsViewController.m; sourceTree = "<group>"; };
		193F250A20AEC68200F08873 /* PPSOptionsViewController.h */ = {isa = PBXFileReference; fileEncoding = 4; lastKnownFileType = sourcecode.c.h; path = PPSOptionsViewController.h; sourceTree = "<group>"; };
		193F250C20AEC68200F08873 /* PPSOptionModel.m */ = {isa = PBXFileReference; fileEncoding = 4; lastKnownFileType = sourcecode.c.objc; path = PPSOptionModel.m; sourceTree = "<group>"; };
		193F250D20AEC68200F08873 /* PPSOptionModel.h */ = {isa = PBXFileReference; fileEncoding = 4; lastKnownFileType = sourcecode.c.h; path = PPSOptionModel.h; sourceTree = "<group>"; };
		193F250F20AEC68200F08873 /* PPSOptionsTableViewCell.m */ = {isa = PBXFileReference; fileEncoding = 4; lastKnownFileType = sourcecode.c.objc; path = PPSOptionsTableViewCell.m; sourceTree = "<group>"; };
		193F251020AEC68200F08873 /* PPSOptionsTableViewCell.h */ = {isa = PBXFileReference; fileEncoding = 4; lastKnownFileType = sourcecode.c.h; path = PPSOptionsTableViewCell.h; sourceTree = "<group>"; };
		193F251320AEC68200F08873 /* AppDelegate.h */ = {isa = PBXFileReference; fileEncoding = 4; lastKnownFileType = sourcecode.c.h; path = AppDelegate.h; sourceTree = "<group>"; };
		193F251420AEC68200F08873 /* PPSTabBarController.h */ = {isa = PBXFileReference; fileEncoding = 4; lastKnownFileType = sourcecode.c.h; path = PPSTabBarController.h; sourceTree = "<group>"; };
		193F251520AEC68200F08873 /* AppDelegate.m */ = {isa = PBXFileReference; fileEncoding = 4; lastKnownFileType = sourcecode.c.objc; path = AppDelegate.m; sourceTree = "<group>"; };
		193F251620AEC68200F08873 /* PPSTabBarController.m */ = {isa = PBXFileReference; fileEncoding = 4; lastKnownFileType = sourcecode.c.objc; path = PPSTabBarController.m; sourceTree = "<group>"; };
		193F252720B1D11C00F08873 /* PPSOptionsTableViewDataSource.m */ = {isa = PBXFileReference; fileEncoding = 4; lastKnownFileType = sourcecode.c.objc; path = PPSOptionsTableViewDataSource.m; sourceTree = "<group>"; };
		193F252820B1D11C00F08873 /* PPSOptionsTableViewDelegate.h */ = {isa = PBXFileReference; fileEncoding = 4; lastKnownFileType = sourcecode.c.h; path = PPSOptionsTableViewDelegate.h; sourceTree = "<group>"; };
		193F252920B1D11C00F08873 /* PPSOptionsTableViewDataSource.h */ = {isa = PBXFileReference; fileEncoding = 4; lastKnownFileType = sourcecode.c.h; path = PPSOptionsTableViewDataSource.h; sourceTree = "<group>"; };
		193F252A20B1D11C00F08873 /* PPSOptionsTableViewDelegate.m */ = {isa = PBXFileReference; fileEncoding = 4; lastKnownFileType = sourcecode.c.objc; path = PPSOptionsTableViewDelegate.m; sourceTree = "<group>"; };
		193F254220B2AF8300F08873 /* PPSRefreshFooter.m */ = {isa = PBXFileReference; fileEncoding = 4; lastKnownFileType = sourcecode.c.objc; path = PPSRefreshFooter.m; sourceTree = "<group>"; };
		193F254320B2AF8300F08873 /* PPSRefreshHeader.m */ = {isa = PBXFileReference; fileEncoding = 4; lastKnownFileType = sourcecode.c.objc; path = PPSRefreshHeader.m; sourceTree = "<group>"; };
		193F254420B2AF8300F08873 /* PPSRefreshHeader.h */ = {isa = PBXFileReference; fileEncoding = 4; lastKnownFileType = sourcecode.c.h; path = PPSRefreshHeader.h; sourceTree = "<group>"; };
		193F254520B2AF8300F08873 /* PPSRefreshFooter.h */ = {isa = PBXFileReference; fileEncoding = 4; lastKnownFileType = sourcecode.c.h; path = PPSRefreshFooter.h; sourceTree = "<group>"; };
		193F255020B69C2C00F08873 /* PPSTestUrl.m */ = {isa = PBXFileReference; lastKnownFileType = sourcecode.c.objc; path = PPSTestUrl.m; sourceTree = "<group>"; };
		193F257620B9B2F200F08873 /* MASCompositeConstraint.h */ = {isa = PBXFileReference; fileEncoding = 4; lastKnownFileType = sourcecode.c.h; path = MASCompositeConstraint.h; sourceTree = "<group>"; };
		193F257720B9B2F200F08873 /* NSLayoutConstraint+MASDebugAdditions.m */ = {isa = PBXFileReference; fileEncoding = 4; lastKnownFileType = sourcecode.c.objc; path = "NSLayoutConstraint+MASDebugAdditions.m"; sourceTree = "<group>"; };
		193F257820B9B2F200F08873 /* MASConstraint+Private.h */ = {isa = PBXFileReference; fileEncoding = 4; lastKnownFileType = sourcecode.c.h; path = "MASConstraint+Private.h"; sourceTree = "<group>"; };
		193F257920B9B2F200F08873 /* MASLayoutConstraint.h */ = {isa = PBXFileReference; fileEncoding = 4; lastKnownFileType = sourcecode.c.h; path = MASLayoutConstraint.h; sourceTree = "<group>"; };
		193F257A20B9B2F200F08873 /* NSArray+MASShorthandAdditions.h */ = {isa = PBXFileReference; fileEncoding = 4; lastKnownFileType = sourcecode.c.h; path = "NSArray+MASShorthandAdditions.h"; sourceTree = "<group>"; };
		193F257B20B9B2F200F08873 /* MASConstraintMaker.h */ = {isa = PBXFileReference; fileEncoding = 4; lastKnownFileType = sourcecode.c.h; path = MASConstraintMaker.h; sourceTree = "<group>"; };
		193F257C20B9B2F200F08873 /* View+MASAdditions.h */ = {isa = PBXFileReference; fileEncoding = 4; lastKnownFileType = sourcecode.c.h; path = "View+MASAdditions.h"; sourceTree = "<group>"; };
		193F257D20B9B2F200F08873 /* NSArray+MASAdditions.h */ = {isa = PBXFileReference; fileEncoding = 4; lastKnownFileType = sourcecode.c.h; path = "NSArray+MASAdditions.h"; sourceTree = "<group>"; };
		193F257E20B9B2F200F08873 /* MASUtilities.h */ = {isa = PBXFileReference; fileEncoding = 4; lastKnownFileType = sourcecode.c.h; path = MASUtilities.h; sourceTree = "<group>"; };
		193F257F20B9B2F200F08873 /* MASViewAttribute.h */ = {isa = PBXFileReference; fileEncoding = 4; lastKnownFileType = sourcecode.c.h; path = MASViewAttribute.h; sourceTree = "<group>"; };
		193F258020B9B2F200F08873 /* ViewController+MASAdditions.m */ = {isa = PBXFileReference; fileEncoding = 4; lastKnownFileType = sourcecode.c.objc; path = "ViewController+MASAdditions.m"; sourceTree = "<group>"; };
		193F258120B9B2F200F08873 /* MASViewConstraint.h */ = {isa = PBXFileReference; fileEncoding = 4; lastKnownFileType = sourcecode.c.h; path = MASViewConstraint.h; sourceTree = "<group>"; };
		193F258220B9B2F200F08873 /* MASConstraint.h */ = {isa = PBXFileReference; fileEncoding = 4; lastKnownFileType = sourcecode.c.h; path = MASConstraint.h; sourceTree = "<group>"; };
		193F258320B9B2F200F08873 /* NSLayoutConstraint+MASDebugAdditions.h */ = {isa = PBXFileReference; fileEncoding = 4; lastKnownFileType = sourcecode.c.h; path = "NSLayoutConstraint+MASDebugAdditions.h"; sourceTree = "<group>"; };
		193F258420B9B2F200F08873 /* MASCompositeConstraint.m */ = {isa = PBXFileReference; fileEncoding = 4; lastKnownFileType = sourcecode.c.objc; path = MASCompositeConstraint.m; sourceTree = "<group>"; };
		193F258520B9B2F200F08873 /* MASConstraintMaker.m */ = {isa = PBXFileReference; fileEncoding = 4; lastKnownFileType = sourcecode.c.objc; path = MASConstraintMaker.m; sourceTree = "<group>"; };
		193F258620B9B2F200F08873 /* MASLayoutConstraint.m */ = {isa = PBXFileReference; fileEncoding = 4; lastKnownFileType = sourcecode.c.objc; path = MASLayoutConstraint.m; sourceTree = "<group>"; };
		193F258720B9B2F200F08873 /* NSArray+MASAdditions.m */ = {isa = PBXFileReference; fileEncoding = 4; lastKnownFileType = sourcecode.c.objc; path = "NSArray+MASAdditions.m"; sourceTree = "<group>"; };
		193F258820B9B2F200F08873 /* View+MASAdditions.m */ = {isa = PBXFileReference; fileEncoding = 4; lastKnownFileType = sourcecode.c.objc; path = "View+MASAdditions.m"; sourceTree = "<group>"; };
		193F258920B9B2F200F08873 /* View+MASShorthandAdditions.h */ = {isa = PBXFileReference; fileEncoding = 4; lastKnownFileType = sourcecode.c.h; path = "View+MASShorthandAdditions.h"; sourceTree = "<group>"; };
		193F258A20B9B2F200F08873 /* Masonry.h */ = {isa = PBXFileReference; fileEncoding = 4; lastKnownFileType = sourcecode.c.h; path = Masonry.h; sourceTree = "<group>"; };
		193F258B20B9B2F200F08873 /* MASConstraint.m */ = {isa = PBXFileReference; fileEncoding = 4; lastKnownFileType = sourcecode.c.objc; path = MASConstraint.m; sourceTree = "<group>"; };
		193F258C20B9B2F200F08873 /* ViewController+MASAdditions.h */ = {isa = PBXFileReference; fileEncoding = 4; lastKnownFileType = sourcecode.c.h; path = "ViewController+MASAdditions.h"; sourceTree = "<group>"; };
		193F258D20B9B2F200F08873 /* MASViewConstraint.m */ = {isa = PBXFileReference; fileEncoding = 4; lastKnownFileType = sourcecode.c.objc; path = MASViewConstraint.m; sourceTree = "<group>"; };
		193F258E20B9B2F200F08873 /* MASViewAttribute.m */ = {isa = PBXFileReference; fileEncoding = 4; lastKnownFileType = sourcecode.c.objc; path = MASViewAttribute.m; sourceTree = "<group>"; };
		193F259B20B9B32000F08873 /* PrefixHeader.pch */ = {isa = PBXFileReference; lastKnownFileType = sourcecode.c.h; path = PrefixHeader.pch; sourceTree = "<group>"; };
		193F259D20B9B69800F08873 /* AFSecurityPolicy.h */ = {isa = PBXFileReference; fileEncoding = 4; lastKnownFileType = sourcecode.c.h; path = AFSecurityPolicy.h; sourceTree = "<group>"; };
		193F259E20B9B69800F08873 /* AFNetworkReachabilityManager.h */ = {isa = PBXFileReference; fileEncoding = 4; lastKnownFileType = sourcecode.c.h; path = AFNetworkReachabilityManager.h; sourceTree = "<group>"; };
		193F259F20B9B69800F08873 /* AFURLSessionManager.h */ = {isa = PBXFileReference; fileEncoding = 4; lastKnownFileType = sourcecode.c.h; path = AFURLSessionManager.h; sourceTree = "<group>"; };
		193F25A020B9B69800F08873 /* AFURLRequestSerialization.h */ = {isa = PBXFileReference; fileEncoding = 4; lastKnownFileType = sourcecode.c.h; path = AFURLRequestSerialization.h; sourceTree = "<group>"; };
		193F25A120B9B69800F08873 /* AFURLResponseSerialization.m */ = {isa = PBXFileReference; fileEncoding = 4; lastKnownFileType = sourcecode.c.objc; path = AFURLResponseSerialization.m; sourceTree = "<group>"; };
		193F25A220B9B69800F08873 /* AFHTTPSessionManager.m */ = {isa = PBXFileReference; fileEncoding = 4; lastKnownFileType = sourcecode.c.objc; path = AFHTTPSessionManager.m; sourceTree = "<group>"; };
		193F25A320B9B69800F08873 /* AFURLResponseSerialization.h */ = {isa = PBXFileReference; fileEncoding = 4; lastKnownFileType = sourcecode.c.h; path = AFURLResponseSerialization.h; sourceTree = "<group>"; };
		193F25A420B9B69800F08873 /* AFURLSessionManager.m */ = {isa = PBXFileReference; fileEncoding = 4; lastKnownFileType = sourcecode.c.objc; path = AFURLSessionManager.m; sourceTree = "<group>"; };
		193F25A520B9B69800F08873 /* AFURLRequestSerialization.m */ = {isa = PBXFileReference; fileEncoding = 4; lastKnownFileType = sourcecode.c.objc; path = AFURLRequestSerialization.m; sourceTree = "<group>"; };
		193F25A620B9B69800F08873 /* AFNetworking.h */ = {isa = PBXFileReference; fileEncoding = 4; lastKnownFileType = sourcecode.c.h; path = AFNetworking.h; sourceTree = "<group>"; };
		193F25A720B9B69800F08873 /* AFNetworkReachabilityManager.m */ = {isa = PBXFileReference; fileEncoding = 4; lastKnownFileType = sourcecode.c.objc; path = AFNetworkReachabilityManager.m; sourceTree = "<group>"; };
		193F25A820B9B69800F08873 /* AFSecurityPolicy.m */ = {isa = PBXFileReference; fileEncoding = 4; lastKnownFileType = sourcecode.c.objc; path = AFSecurityPolicy.m; sourceTree = "<group>"; };
		193F25A920B9B69800F08873 /* AFHTTPSessionManager.h */ = {isa = PBXFileReference; fileEncoding = 4; lastKnownFileType = sourcecode.c.h; path = AFHTTPSessionManager.h; sourceTree = "<group>"; };
		193F25B020B9B74500F08873 /* PPSHTTPLink.h */ = {isa = PBXFileReference; lastKnownFileType = sourcecode.c.h; path = PPSHTTPLink.h; sourceTree = "<group>"; };
		193F25B520BADFF700F08873 /* PPSHomeTableViewDelegate.h */ = {isa = PBXFileReference; lastKnownFileType = sourcecode.c.h; path = PPSHomeTableViewDelegate.h; sourceTree = "<group>"; };
		193F25B620BADFF700F08873 /* PPSHomeTableViewDelegate.m */ = {isa = PBXFileReference; lastKnownFileType = sourcecode.c.objc; path = PPSHomeTableViewDelegate.m; sourceTree = "<group>"; };
		193F25B820BAE02E00F08873 /* PPSHomeTableViewDatasource.h */ = {isa = PBXFileReference; lastKnownFileType = sourcecode.c.h; path = PPSHomeTableViewDatasource.h; sourceTree = "<group>"; };
		193F25B920BAE02E00F08873 /* PPSHomeTableViewDatasource.m */ = {isa = PBXFileReference; lastKnownFileType = sourcecode.c.objc; path = PPSHomeTableViewDatasource.m; sourceTree = "<group>"; };
		193F25BB20BAE16900F08873 /* PPSHomeTableViewCell.h */ = {isa = PBXFileReference; lastKnownFileType = sourcecode.c.h; path = PPSHomeTableViewCell.h; sourceTree = "<group>"; };
		193F25BC20BAE16900F08873 /* PPSHomeTableViewCell.m */ = {isa = PBXFileReference; lastKnownFileType = sourcecode.c.objc; path = PPSHomeTableViewCell.m; sourceTree = "<group>"; };
		193F25BE20BAE1F600F08873 /* PPSHomeModel.h */ = {isa = PBXFileReference; lastKnownFileType = sourcecode.c.h; path = PPSHomeModel.h; sourceTree = "<group>"; };
		193F25BF20BAE1F600F08873 /* PPSHomeModel.m */ = {isa = PBXFileReference; lastKnownFileType = sourcecode.c.objc; path = PPSHomeModel.m; sourceTree = "<group>"; };
		193F25C120BAE3C200F08873 /* PPSHomeTableViewModel.h */ = {isa = PBXFileReference; lastKnownFileType = sourcecode.c.h; path = PPSHomeTableViewModel.h; sourceTree = "<group>"; };
		193F25C220BAE3C200F08873 /* PPSHomeTableViewModel.m */ = {isa = PBXFileReference; lastKnownFileType = sourcecode.c.objc; path = PPSHomeTableViewModel.m; sourceTree = "<group>"; };
		193F25C520BB0FD300F08873 /* MJPropertyKey.h */ = {isa = PBXFileReference; fileEncoding = 4; lastKnownFileType = sourcecode.c.h; path = MJPropertyKey.h; sourceTree = "<group>"; };
		193F25C620BB0FD300F08873 /* NSObject+MJClass.h */ = {isa = PBXFileReference; fileEncoding = 4; lastKnownFileType = sourcecode.c.h; path = "NSObject+MJClass.h"; sourceTree = "<group>"; };
		193F25C720BB0FD300F08873 /* NSString+MJExtension.h */ = {isa = PBXFileReference; fileEncoding = 4; lastKnownFileType = sourcecode.c.h; path = "NSString+MJExtension.h"; sourceTree = "<group>"; };
		193F25C820BB0FD300F08873 /* MJPropertyType.m */ = {isa = PBXFileReference; fileEncoding = 4; lastKnownFileType = sourcecode.c.objc; path = MJPropertyType.m; sourceTree = "<group>"; };
		193F25C920BB0FD300F08873 /* NSObject+MJProperty.h */ = {isa = PBXFileReference; fileEncoding = 4; lastKnownFileType = sourcecode.c.h; path = "NSObject+MJProperty.h"; sourceTree = "<group>"; };
		193F25CA20BB0FD300F08873 /* MJExtensionConst.h */ = {isa = PBXFileReference; fileEncoding = 4; lastKnownFileType = sourcecode.c.h; path = MJExtensionConst.h; sourceTree = "<group>"; };
		193F25CB20BB0FD300F08873 /* NSObject+MJKeyValue.m */ = {isa = PBXFileReference; fileEncoding = 4; lastKnownFileType = sourcecode.c.objc; path = "NSObject+MJKeyValue.m"; sourceTree = "<group>"; };
		193F25CC20BB0FD300F08873 /* MJProperty.m */ = {isa = PBXFileReference; fileEncoding = 4; lastKnownFileType = sourcecode.c.objc; path = MJProperty.m; sourceTree = "<group>"; };
		193F25CD20BB0FD300F08873 /* MJFoundation.h */ = {isa = PBXFileReference; fileEncoding = 4; lastKnownFileType = sourcecode.c.h; path = MJFoundation.h; sourceTree = "<group>"; };
		193F25CE20BB0FD300F08873 /* NSObject+MJCoding.m */ = {isa = PBXFileReference; fileEncoding = 4; lastKnownFileType = sourcecode.c.objc; path = "NSObject+MJCoding.m"; sourceTree = "<group>"; };
		193F25CF20BB0FD300F08873 /* MJExtension.h */ = {isa = PBXFileReference; fileEncoding = 4; lastKnownFileType = sourcecode.c.h; path = MJExtension.h; sourceTree = "<group>"; };
		193F25D020BB0FD300F08873 /* MJExtensionConst.m */ = {isa = PBXFileReference; fileEncoding = 4; lastKnownFileType = sourcecode.c.objc; path = MJExtensionConst.m; sourceTree = "<group>"; };
		193F25D120BB0FD300F08873 /* NSObject+MJProperty.m */ = {isa = PBXFileReference; fileEncoding = 4; lastKnownFileType = sourcecode.c.objc; path = "NSObject+MJProperty.m"; sourceTree = "<group>"; };
		193F25D220BB0FD300F08873 /* MJPropertyType.h */ = {isa = PBXFileReference; fileEncoding = 4; lastKnownFileType = sourcecode.c.h; path = MJPropertyType.h; sourceTree = "<group>"; };
		193F25D320BB0FD300F08873 /* NSObject+MJClass.m */ = {isa = PBXFileReference; fileEncoding = 4; lastKnownFileType = sourcecode.c.objc; path = "NSObject+MJClass.m"; sourceTree = "<group>"; };
		193F25D420BB0FD300F08873 /* NSString+MJExtension.m */ = {isa = PBXFileReference; fileEncoding = 4; lastKnownFileType = sourcecode.c.objc; path = "NSString+MJExtension.m"; sourceTree = "<group>"; };
		193F25D520BB0FD300F08873 /* MJPropertyKey.m */ = {isa = PBXFileReference; fileEncoding = 4; lastKnownFileType = sourcecode.c.objc; path = MJPropertyKey.m; sourceTree = "<group>"; };
		193F25D620BB0FD300F08873 /* MJProperty.h */ = {isa = PBXFileReference; fileEncoding = 4; lastKnownFileType = sourcecode.c.h; path = MJProperty.h; sourceTree = "<group>"; };
		193F25D720BB0FD300F08873 /* NSObject+MJKeyValue.h */ = {isa = PBXFileReference; fileEncoding = 4; lastKnownFileType = sourcecode.c.h; path = "NSObject+MJKeyValue.h"; sourceTree = "<group>"; };
		193F25D820BB0FD300F08873 /* NSObject+MJCoding.h */ = {isa = PBXFileReference; fileEncoding = 4; lastKnownFileType = sourcecode.c.h; path = "NSObject+MJCoding.h"; sourceTree = "<group>"; };
		193F25D920BB0FD300F08873 /* MJFoundation.m */ = {isa = PBXFileReference; fileEncoding = 4; lastKnownFileType = sourcecode.c.objc; path = MJFoundation.m; sourceTree = "<group>"; };
		197DAE9520E47AEC002D7B8C /* awesomeResume */ = {isa = PBXFileReference; lastKnownFileType = folder; path = awesomeResume; sourceTree = "<group>"; };
		19911C2720ECC419007C24F4 /* UITextView+PPSAddition.h */ = {isa = PBXFileReference; lastKnownFileType = sourcecode.c.h; path = "UITextView+PPSAddition.h"; sourceTree = "<group>"; };
		19911C2820ECC419007C24F4 /* UITextView+PPSAddition.m */ = {isa = PBXFileReference; lastKnownFileType = sourcecode.c.objc; path = "UITextView+PPSAddition.m"; sourceTree = "<group>"; };
		19911C2A20ECCEE9007C24F4 /* PPSClockView.h */ = {isa = PBXFileReference; lastKnownFileType = sourcecode.c.h; path = PPSClockView.h; sourceTree = "<group>"; };
		19911C2B20ECCEE9007C24F4 /* PPSClockView.m */ = {isa = PBXFileReference; lastKnownFileType = sourcecode.c.objc; path = PPSClockView.m; sourceTree = "<group>"; };
		19911C3B20EE1930007C24F4 /* UIView+Extension.m */ = {isa = PBXFileReference; fileEncoding = 4; lastKnownFileType = sourcecode.c.objc; path = "UIView+Extension.m"; sourceTree = "<group>"; };
		19911C3C20EE1930007C24F4 /* UIView+Extension.h */ = {isa = PBXFileReference; fileEncoding = 4; lastKnownFileType = sourcecode.c.h; path = "UIView+Extension.h"; sourceTree = "<group>"; };
		199A0655215740120026D37F /* PPSFreelyReadViewController.h */ = {isa = PBXFileReference; lastKnownFileType = sourcecode.c.h; path = PPSFreelyReadViewController.h; sourceTree = "<group>"; };
		199A0656215740120026D37F /* PPSFreelyReadViewController.m */ = {isa = PBXFileReference; lastKnownFileType = sourcecode.c.objc; path = PPSFreelyReadViewController.m; sourceTree = "<group>"; };
		199A0657215740120026D37F /* PPSFreelyReadViewController.xib */ = {isa = PBXFileReference; lastKnownFileType = file.xib; path = PPSFreelyReadViewController.xib; sourceTree = "<group>"; };
		199A065A215A90500026D37F /* 2016年上.docx */ = {isa = PBXFileReference; lastKnownFileType = file; path = "2016年上.docx"; sourceTree = "<group>"; };
		199A065B215A90500026D37F /* 2017年下.docx */ = {isa = PBXFileReference; lastKnownFileType = file; path = "2017年下.docx"; sourceTree = "<group>"; };
		199A065C215A90500026D37F /* 2016年下.docx */ = {isa = PBXFileReference; lastKnownFileType = file; path = "2016年下.docx"; sourceTree = "<group>"; };
		199A065D215A90510026D37F /* 2017年上.docx */ = {isa = PBXFileReference; lastKnownFileType = file; path = "2017年上.docx"; sourceTree = "<group>"; };
		199A0662215BC83C0026D37F /* PPSFreelyViewModel.h */ = {isa = PBXFileReference; lastKnownFileType = sourcecode.c.h; path = PPSFreelyViewModel.h; sourceTree = "<group>"; };
		199A0663215BC83C0026D37F /* PPSFreelyViewModel.m */ = {isa = PBXFileReference; lastKnownFileType = sourcecode.c.objc; path = PPSFreelyViewModel.m; sourceTree = "<group>"; };
		199A0665215BCA340026D37F /* PPSFreelyAudioViewController.h */ = {isa = PBXFileReference; lastKnownFileType = sourcecode.c.h; path = PPSFreelyAudioViewController.h; sourceTree = "<group>"; };
		199A0666215BCA340026D37F /* PPSFreelyAudioViewController.m */ = {isa = PBXFileReference; lastKnownFileType = sourcecode.c.objc; path = PPSFreelyAudioViewController.m; sourceTree = "<group>"; };
		199A0667215BCA340026D37F /* PPSFreelyAudioViewController.xib */ = {isa = PBXFileReference; lastKnownFileType = file.xib; path = PPSFreelyAudioViewController.xib; sourceTree = "<group>"; };
		199A066B215BCAB20026D37F /* 古代奇案001.mp3 */ = {isa = PBXFileReference; lastKnownFileType = audio.mp3; path = "古代奇案001.mp3"; sourceTree = "<group>"; };
		199A066C215BCAB20026D37F /* 古代奇案003.mp3 */ = {isa = PBXFileReference; lastKnownFileType = audio.mp3; path = "古代奇案003.mp3"; sourceTree = "<group>"; };
		199A066D215BCAB20026D37F /* 古代奇案002.mp3 */ = {isa = PBXFileReference; lastKnownFileType = audio.mp3; path = "古代奇案002.mp3"; sourceTree = "<group>"; };
		19BDD08E20D539FC00C9117D /* PPSDataBaseHelper.m */ = {isa = PBXFileReference; fileEncoding = 4; lastKnownFileType = sourcecode.c.objc; path = PPSDataBaseHelper.m; sourceTree = "<group>"; };
		19BDD08F20D539FC00C9117D /* PPSDataBaseHelper.h */ = {isa = PBXFileReference; fileEncoding = 4; lastKnownFileType = sourcecode.c.h; path = PPSDataBaseHelper.h; sourceTree = "<group>"; };
		19BDD09120D539FC00C9117D /* NSString+PPSAddition.m */ = {isa = PBXFileReference; fileEncoding = 4; lastKnownFileType = sourcecode.c.objc; path = "NSString+PPSAddition.m"; sourceTree = "<group>"; };
		19BDD09220D539FC00C9117D /* NSString+PPSAddition.h */ = {isa = PBXFileReference; fileEncoding = 4; lastKnownFileType = sourcecode.c.h; path = "NSString+PPSAddition.h"; sourceTree = "<group>"; };
		19BDD09420D539FC00C9117D /* patient.jpg */ = {isa = PBXFileReference; lastKnownFileType = image.jpeg; path = patient.jpg; sourceTree = "<group>"; };
		19BDD09520D539FC00C9117D /* positive.png */ = {isa = PBXFileReference; lastKnownFileType = image.png; path = positive.png; sourceTree = "<group>"; };
		19E1517120A4374D001D6E60 /* PositivePersons.app */ = {isa = PBXFileReference; explicitFileType = wrapper.application; includeInIndex = 0; path = PositivePersons.app; sourceTree = BUILT_PRODUCTS_DIR; };
		19E1517B20A4374D001D6E60 /* Base */ = {isa = PBXFileReference; lastKnownFileType = file.storyboard; name = Base; path = Base.lproj/Main.storyboard; sourceTree = "<group>"; };
		19E1517D20A4374D001D6E60 /* Assets.xcassets */ = {isa = PBXFileReference; lastKnownFileType = folder.assetcatalog; path = Assets.xcassets; sourceTree = "<group>"; };
		19E1518020A4374D001D6E60 /* Base */ = {isa = PBXFileReference; lastKnownFileType = file.storyboard; name = Base; path = Base.lproj/LaunchScreen.storyboard; sourceTree = "<group>"; };
		19E1518220A4374D001D6E60 /* Info.plist */ = {isa = PBXFileReference; lastKnownFileType = text.plist.xml; path = Info.plist; sourceTree = "<group>"; };
		19E1518320A4374D001D6E60 /* main.m */ = {isa = PBXFileReference; lastKnownFileType = sourcecode.c.objc; path = main.m; sourceTree = "<group>"; };
		19E1518920A4374D001D6E60 /* PositivePersonsTests.xctest */ = {isa = PBXFileReference; explicitFileType = wrapper.cfbundle; includeInIndex = 0; path = PositivePersonsTests.xctest; sourceTree = BUILT_PRODUCTS_DIR; };
		19E1518D20A4374D001D6E60 /* PositivePersonsTests.m */ = {isa = PBXFileReference; lastKnownFileType = sourcecode.c.objc; path = PositivePersonsTests.m; sourceTree = "<group>"; };
		19E1518F20A4374D001D6E60 /* Info.plist */ = {isa = PBXFileReference; lastKnownFileType = text.plist.xml; path = Info.plist; sourceTree = "<group>"; };
		19E1519420A4374E001D6E60 /* PositivePersonsUITests.xctest */ = {isa = PBXFileReference; explicitFileType = wrapper.cfbundle; includeInIndex = 0; path = PositivePersonsUITests.xctest; sourceTree = BUILT_PRODUCTS_DIR; };
		19E1519820A4374E001D6E60 /* PositivePersonsUITests.m */ = {isa = PBXFileReference; lastKnownFileType = sourcecode.c.objc; path = PositivePersonsUITests.m; sourceTree = "<group>"; };
		19E1519A20A4374E001D6E60 /* Info.plist */ = {isa = PBXFileReference; lastKnownFileType = text.plist.xml; path = Info.plist; sourceTree = "<group>"; };
		19FD430D2104AB20008878CF /* PPSHomeHeaderView.h */ = {isa = PBXFileReference; lastKnownFileType = sourcecode.c.h; path = PPSHomeHeaderView.h; sourceTree = "<group>"; };
		19FD430E2104AB20008878CF /* PPSHomeHeaderView.m */ = {isa = PBXFileReference; lastKnownFileType = sourcecode.c.objc; path = PPSHomeHeaderView.m; sourceTree = "<group>"; };
		7B79EB732C51B29357289897 /* libPods-PositivePersons.a */ = {isa = PBXFileReference; explicitFileType = archive.ar; includeInIndex = 0; path = "libPods-PositivePersons.a"; sourceTree = BUILT_PRODUCTS_DIR; };
		F54D0C87A234CAED2A7A2962 /* Pods-PositivePersons.debug.xcconfig */ = {isa = PBXFileReference; includeInIndex = 1; lastKnownFileType = text.xcconfig; name = "Pods-PositivePersons.debug.xcconfig"; path = "Pods/Target Support Files/Pods-PositivePersons/Pods-PositivePersons.debug.xcconfig"; sourceTree = "<group>"; };
/* End PBXFileReference section */

/* Begin PBXFrameworksBuildPhase section */
		19E1516E20A4374D001D6E60 /* Frameworks */ = {
			isa = PBXFrameworksBuildPhase;
			buildActionMask = 2147483647;
			files = (
				42129A99465F8C1F712115C3 /* libPods-PositivePersons.a in Frameworks */,
			);
			runOnlyForDeploymentPostprocessing = 0;
		};
		19E1518620A4374D001D6E60 /* Frameworks */ = {
			isa = PBXFrameworksBuildPhase;
			buildActionMask = 2147483647;
			files = (
			);
			runOnlyForDeploymentPostprocessing = 0;
		};
		19E1519120A4374E001D6E60 /* Frameworks */ = {
			isa = PBXFrameworksBuildPhase;
			buildActionMask = 2147483647;
			files = (
			);
			runOnlyForDeploymentPostprocessing = 0;
		};
/* End PBXFrameworksBuildPhase section */

/* Begin PBXGroup section */
		19186D9520D6B6B90031CB8F /* Analysis */ = {
			isa = PBXGroup;
			children = (
				19186D9820D6B6BA0031CB8F /* Model */,
				19186D9920D6B6BA0031CB8F /* View */,
				19186D9620D6B6B90031CB8F /* ViewModel */,
				19186D9720D6B6B90031CB8F /* Controller */,
			);
			path = Analysis;
			sourceTree = "<group>";
		};
		19186D9620D6B6B90031CB8F /* ViewModel */ = {
			isa = PBXGroup;
			children = (
				19186DAD20D8E4C80031CB8F /* PPSAnalysisViewModel.h */,
				19186DAE20D8E4C80031CB8F /* PPSAnalysisViewModel.m */,
			);
			path = ViewModel;
			sourceTree = "<group>";
		};
		19186D9720D6B6B90031CB8F /* Controller */ = {
			isa = PBXGroup;
			children = (
				19186D9A20D6B7A00031CB8F /* PPSAnalysisViewController.h */,
				19186D9B20D6B7A00031CB8F /* PPSAnalysisViewController.m */,
			);
			path = Controller;
			sourceTree = "<group>";
		};
		19186D9820D6B6BA0031CB8F /* Model */ = {
			isa = PBXGroup;
			children = (
			);
			path = Model;
			sourceTree = "<group>";
		};
		19186D9920D6B6BA0031CB8F /* View */ = {
			isa = PBXGroup;
			children = (
				19186DAA20D8E3E20031CB8F /* PPSTrendView.h */,
				19186DAB20D8E3E20031CB8F /* PPSTrendView.m */,
			);
			path = View;
			sourceTree = "<group>";
		};
		19205D3C214FEE11001035CC /* dmyy */ = {
			isa = PBXGroup;
			children = (
				19205D43214FF316001035CC /* 001.mp3 */,
			);
			path = dmyy;
			sourceTree = "<group>";
		};
		19205D4521513FEA001035CC /* Freely */ = {
			isa = PBXGroup;
			children = (
				19205D502155F055001035CC /* Controller */,
				19205D542155F055001035CC /* View */,
				19205D562155F075001035CC /* ViewModel */,
				19205D492155E299001035CC /* TableViewProtocol */,
			);
			path = Freely;
			sourceTree = "<group>";
		};
		19205D492155E299001035CC /* TableViewProtocol */ = {
			isa = PBXGroup;
			children = (
				19205D4A2155E307001035CC /* PPSFreelyTableViewDelegate.h */,
				19205D4B2155E307001035CC /* PPSFreelyTableViewDelegate.m */,
				19205D4D2155E32B001035CC /* PPSFreelyTableViewDatasource.h */,
				19205D4E2155E32B001035CC /* PPSFreelyTableViewDatasource.m */,
			);
			name = TableViewProtocol;
			path = PositivePersons/Project/Freely/TableViewProtocol;
			sourceTree = SOURCE_ROOT;
		};
		19205D502155F055001035CC /* Controller */ = {
			isa = PBXGroup;
			children = (
				19205D512155F055001035CC /* PPSFreelyViewController.h */,
				19205D522155F055001035CC /* PPSFreelyViewController.m */,
				199A0655215740120026D37F /* PPSFreelyReadViewController.h */,
				199A0656215740120026D37F /* PPSFreelyReadViewController.m */,
				199A0657215740120026D37F /* PPSFreelyReadViewController.xib */,
				199A0665215BCA340026D37F /* PPSFreelyAudioViewController.h */,
				199A0666215BCA340026D37F /* PPSFreelyAudioViewController.m */,
				199A0667215BCA340026D37F /* PPSFreelyAudioViewController.xib */,
			);
			path = Controller;
			sourceTree = "<group>";
		};
		19205D542155F055001035CC /* View */ = {
			isa = PBXGroup;
			children = (
				19205D572155F0BE001035CC /* PPSFreelyWordTableViewCell.h */,
				19205D582155F0BE001035CC /* PPSFreelyWordTableViewCell.m */,
				19205D592155F0BE001035CC /* PPSFreelyWordTableViewCell.xib */,
				19205D5C2155F0CF001035CC /* PPSFreelyAudioTableViewCell.h */,
				19205D5D2155F0CF001035CC /* PPSFreelyAudioTableViewCell.m */,
				19205D5E2155F0CF001035CC /* PPSFreelyAudioTableViewCell.xib */,
				19205D612156295C001035CC /* PPSFreelyTableViewHeaderView.h */,
				19205D622156295C001035CC /* PPSFreelyTableViewHeaderView.m */,
			);
			path = View;
			sourceTree = "<group>";
		};
		19205D562155F075001035CC /* ViewModel */ = {
			isa = PBXGroup;
			children = (
				199A0662215BC83C0026D37F /* PPSFreelyViewModel.h */,
				199A0663215BC83C0026D37F /* PPSFreelyViewModel.m */,
			);
			path = ViewModel;
			sourceTree = "<group>";
		};
		193F24FF20AEC68200F08873 /* Project */ = {
			isa = PBXGroup;
			children = (
				193F251220AEC68200F08873 /* Base */,
				19BDD09020D539FC00C9117D /* Category */,
				19BDD08D20D539FC00C9117D /* Tool */,
				193F251120AEC68200F08873 /* Lib */,
				193F250020AEC68200F08873 /* Home */,
				193F250420AEC68200F08873 /* Options */,
				19186D9520D6B6B90031CB8F /* Analysis */,
				19205D4521513FEA001035CC /* Freely */,
				19BDD09320D539FC00C9117D /* Resource */,
				19186DA320D8A0D70031CB8F /* PPSBlogViewController.h */,
				19186DA420D8A0D70031CB8F /* PPSBlogViewController.m */,
			);
			path = Project;
			sourceTree = "<group>";
		};
		193F250020AEC68200F08873 /* Home */ = {
			isa = PBXGroup;
			children = (
				193F25B220BADED400F08873 /* Model */,
				193F25B120BADED400F08873 /* View */,
				193F25B420BADED400F08873 /* ViewModel */,
				193F25B320BADED400F08873 /* TableViewProtocol */,
				193F250120AEC68200F08873 /* Controller */,
			);
			path = Home;
			sourceTree = "<group>";
		};
		193F250120AEC68200F08873 /* Controller */ = {
			isa = PBXGroup;
			children = (
				193F250320AEC68200F08873 /* PPSHomeViewController.h */,
				193F250220AEC68200F08873 /* PPSHomeViewController.m */,
			);
			path = Controller;
			sourceTree = "<group>";
		};
		193F250420AEC68200F08873 /* Options */ = {
			isa = PBXGroup;
			children = (
				193F250B20AEC68200F08873 /* Model */,
				193F250E20AEC68200F08873 /* View */,
				193F250520AEC68200F08873 /* ViewModel */,
				193F250820AEC68200F08873 /* Controller */,
				193F252620B1D11C00F08873 /* TableViewProtocol */,
			);
			path = Options;
			sourceTree = "<group>";
		};
		193F250520AEC68200F08873 /* ViewModel */ = {
			isa = PBXGroup;
			children = (
				193F250720AEC68200F08873 /* PPSOptionsTableViewModel.h */,
				193F250620AEC68200F08873 /* PPSOptionsTableViewModel.m */,
			);
			path = ViewModel;
			sourceTree = "<group>";
		};
		193F250820AEC68200F08873 /* Controller */ = {
			isa = PBXGroup;
			children = (
				193F250A20AEC68200F08873 /* PPSOptionsViewController.h */,
				193F250920AEC68200F08873 /* PPSOptionsViewController.m */,
			);
			path = Controller;
			sourceTree = "<group>";
		};
		193F250B20AEC68200F08873 /* Model */ = {
			isa = PBXGroup;
			children = (
				193F250D20AEC68200F08873 /* PPSOptionModel.h */,
				193F250C20AEC68200F08873 /* PPSOptionModel.m */,
			);
			path = Model;
			sourceTree = "<group>";
		};
		193F250E20AEC68200F08873 /* View */ = {
			isa = PBXGroup;
			children = (
				193F251020AEC68200F08873 /* PPSOptionsTableViewCell.h */,
				193F250F20AEC68200F08873 /* PPSOptionsTableViewCell.m */,
			);
			path = View;
			sourceTree = "<group>";
		};
		193F251120AEC68200F08873 /* Lib */ = {
			isa = PBXGroup;
			children = (
				193F25C420BB0FD300F08873 /* MJExtension */,
				193F259C20B9B69800F08873 /* AFNetworking */,
				193F257520B9B2F200F08873 /* Masonry */,
				193F254120B2AF8300F08873 /* PPSRefresh */,
			);
			path = Lib;
			sourceTree = "<group>";
		};
		193F251220AEC68200F08873 /* Base */ = {
			isa = PBXGroup;
			children = (
				193F251320AEC68200F08873 /* AppDelegate.h */,
				193F251520AEC68200F08873 /* AppDelegate.m */,
				193F251420AEC68200F08873 /* PPSTabBarController.h */,
				193F251620AEC68200F08873 /* PPSTabBarController.m */,
				193F259B20B9B32000F08873 /* PrefixHeader.pch */,
				193F25B020B9B74500F08873 /* PPSHTTPLink.h */,
				19186DB120D8ED2D0031CB8F /* PPSDefine.h */,
			);
			path = Base;
			sourceTree = "<group>";
		};
		193F252620B1D11C00F08873 /* TableViewProtocol */ = {
			isa = PBXGroup;
			children = (
				193F252820B1D11C00F08873 /* PPSOptionsTableViewDelegate.h */,
				193F252A20B1D11C00F08873 /* PPSOptionsTableViewDelegate.m */,
				193F252920B1D11C00F08873 /* PPSOptionsTableViewDataSource.h */,
				193F252720B1D11C00F08873 /* PPSOptionsTableViewDataSource.m */,
			);
			path = TableViewProtocol;
			sourceTree = "<group>";
		};
		193F254120B2AF8300F08873 /* PPSRefresh */ = {
			isa = PBXGroup;
			children = (
				193F254420B2AF8300F08873 /* PPSRefreshHeader.h */,
				193F254320B2AF8300F08873 /* PPSRefreshHeader.m */,
				193F254520B2AF8300F08873 /* PPSRefreshFooter.h */,
				193F254220B2AF8300F08873 /* PPSRefreshFooter.m */,
			);
			path = PPSRefresh;
			sourceTree = "<group>";
		};
		193F257520B9B2F200F08873 /* Masonry */ = {
			isa = PBXGroup;
			children = (
				193F257620B9B2F200F08873 /* MASCompositeConstraint.h */,
				193F257720B9B2F200F08873 /* NSLayoutConstraint+MASDebugAdditions.m */,
				193F257820B9B2F200F08873 /* MASConstraint+Private.h */,
				193F257920B9B2F200F08873 /* MASLayoutConstraint.h */,
				193F257A20B9B2F200F08873 /* NSArray+MASShorthandAdditions.h */,
				193F257B20B9B2F200F08873 /* MASConstraintMaker.h */,
				193F257C20B9B2F200F08873 /* View+MASAdditions.h */,
				193F257D20B9B2F200F08873 /* NSArray+MASAdditions.h */,
				193F257E20B9B2F200F08873 /* MASUtilities.h */,
				193F257F20B9B2F200F08873 /* MASViewAttribute.h */,
				193F258020B9B2F200F08873 /* ViewController+MASAdditions.m */,
				193F258120B9B2F200F08873 /* MASViewConstraint.h */,
				193F258220B9B2F200F08873 /* MASConstraint.h */,
				193F258320B9B2F200F08873 /* NSLayoutConstraint+MASDebugAdditions.h */,
				193F258420B9B2F200F08873 /* MASCompositeConstraint.m */,
				193F258520B9B2F200F08873 /* MASConstraintMaker.m */,
				193F258620B9B2F200F08873 /* MASLayoutConstraint.m */,
				193F258720B9B2F200F08873 /* NSArray+MASAdditions.m */,
				193F258820B9B2F200F08873 /* View+MASAdditions.m */,
				193F258920B9B2F200F08873 /* View+MASShorthandAdditions.h */,
				193F258A20B9B2F200F08873 /* Masonry.h */,
				193F258B20B9B2F200F08873 /* MASConstraint.m */,
				193F258C20B9B2F200F08873 /* ViewController+MASAdditions.h */,
				193F258D20B9B2F200F08873 /* MASViewConstraint.m */,
				193F258E20B9B2F200F08873 /* MASViewAttribute.m */,
			);
			path = Masonry;
			sourceTree = "<group>";
		};
		193F259C20B9B69800F08873 /* AFNetworking */ = {
			isa = PBXGroup;
			children = (
				193F259D20B9B69800F08873 /* AFSecurityPolicy.h */,
				193F259E20B9B69800F08873 /* AFNetworkReachabilityManager.h */,
				193F259F20B9B69800F08873 /* AFURLSessionManager.h */,
				193F25A020B9B69800F08873 /* AFURLRequestSerialization.h */,
				193F25A120B9B69800F08873 /* AFURLResponseSerialization.m */,
				193F25A220B9B69800F08873 /* AFHTTPSessionManager.m */,
				193F25A320B9B69800F08873 /* AFURLResponseSerialization.h */,
				193F25A420B9B69800F08873 /* AFURLSessionManager.m */,
				193F25A520B9B69800F08873 /* AFURLRequestSerialization.m */,
				193F25A620B9B69800F08873 /* AFNetworking.h */,
				193F25A720B9B69800F08873 /* AFNetworkReachabilityManager.m */,
				193F25A820B9B69800F08873 /* AFSecurityPolicy.m */,
				193F25A920B9B69800F08873 /* AFHTTPSessionManager.h */,
			);
			path = AFNetworking;
			sourceTree = "<group>";
		};
		193F25B120BADED400F08873 /* View */ = {
			isa = PBXGroup;
			children = (
				193F25BB20BAE16900F08873 /* PPSHomeTableViewCell.h */,
				193F25BC20BAE16900F08873 /* PPSHomeTableViewCell.m */,
				19186DC420DA89930031CB8F /* PPSInputTaskView.h */,
				19186DC520DA89930031CB8F /* PPSInputTaskView.m */,
				19911C2A20ECCEE9007C24F4 /* PPSClockView.h */,
				19911C2B20ECCEE9007C24F4 /* PPSClockView.m */,
				19FD430D2104AB20008878CF /* PPSHomeHeaderView.h */,
				19FD430E2104AB20008878CF /* PPSHomeHeaderView.m */,
			);
			path = View;
			sourceTree = "<group>";
		};
		193F25B220BADED400F08873 /* Model */ = {
			isa = PBXGroup;
			children = (
				193F25BE20BAE1F600F08873 /* PPSHomeModel.h */,
				193F25BF20BAE1F600F08873 /* PPSHomeModel.m */,
			);
			path = Model;
			sourceTree = "<group>";
		};
		193F25B320BADED400F08873 /* TableViewProtocol */ = {
			isa = PBXGroup;
			children = (
				193F25B520BADFF700F08873 /* PPSHomeTableViewDelegate.h */,
				193F25B620BADFF700F08873 /* PPSHomeTableViewDelegate.m */,
				193F25B820BAE02E00F08873 /* PPSHomeTableViewDatasource.h */,
				193F25B920BAE02E00F08873 /* PPSHomeTableViewDatasource.m */,
			);
			path = TableViewProtocol;
			sourceTree = "<group>";
		};
		193F25B420BADED400F08873 /* ViewModel */ = {
			isa = PBXGroup;
			children = (
				193F25C120BAE3C200F08873 /* PPSHomeTableViewModel.h */,
				193F25C220BAE3C200F08873 /* PPSHomeTableViewModel.m */,
			);
			path = ViewModel;
			sourceTree = "<group>";
		};
		193F25C420BB0FD300F08873 /* MJExtension */ = {
			isa = PBXGroup;
			children = (
				193F25C520BB0FD300F08873 /* MJPropertyKey.h */,
				193F25C620BB0FD300F08873 /* NSObject+MJClass.h */,
				193F25C720BB0FD300F08873 /* NSString+MJExtension.h */,
				193F25C820BB0FD300F08873 /* MJPropertyType.m */,
				193F25C920BB0FD300F08873 /* NSObject+MJProperty.h */,
				193F25CA20BB0FD300F08873 /* MJExtensionConst.h */,
				193F25CB20BB0FD300F08873 /* NSObject+MJKeyValue.m */,
				193F25CC20BB0FD300F08873 /* MJProperty.m */,
				193F25CD20BB0FD300F08873 /* MJFoundation.h */,
				193F25CE20BB0FD300F08873 /* NSObject+MJCoding.m */,
				193F25CF20BB0FD300F08873 /* MJExtension.h */,
				193F25D020BB0FD300F08873 /* MJExtensionConst.m */,
				193F25D120BB0FD300F08873 /* NSObject+MJProperty.m */,
				193F25D220BB0FD300F08873 /* MJPropertyType.h */,
				193F25D320BB0FD300F08873 /* NSObject+MJClass.m */,
				193F25D420BB0FD300F08873 /* NSString+MJExtension.m */,
				193F25D520BB0FD300F08873 /* MJPropertyKey.m */,
				193F25D620BB0FD300F08873 /* MJProperty.h */,
				193F25D720BB0FD300F08873 /* NSObject+MJKeyValue.h */,
				193F25D820BB0FD300F08873 /* NSObject+MJCoding.h */,
				193F25D920BB0FD300F08873 /* MJFoundation.m */,
			);
			path = MJExtension;
			sourceTree = "<group>";
		};
		199A064721573E9A0026D37F /* Doc */ = {
			isa = PBXGroup;
			children = (
				1849858B224B69E9005B2C06 /* 2009年上.docx */,
				1849858F224B69EA005B2C06 /* 2009年下.docx */,
				18498591224B69EA005B2C06 /* 2010年上.docx */,
				18498590224B69EA005B2C06 /* 2010年下.docx */,
				18498593224B69EA005B2C06 /* 2011年上.docx */,
				1849858E224B69EA005B2C06 /* 2011年下.docx */,
				1849858A224B69E9005B2C06 /* 2012年上.docx */,
				18498588224B69E9005B2C06 /* 2012年下.docx */,
				1849858D224B69E9005B2C06 /* 2013年上.docx */,
				18498595224B69EA005B2C06 /* 2013年下.docx */,
				18498589224B69E9005B2C06 /* 2014年上.docx */,
				18498594224B69EA005B2C06 /* 2014年下.docx */,
				18498592224B69EA005B2C06 /* 2015年上.docx */,
				1849858C224B69E9005B2C06 /* 2015年下.docx */,
				199A065A215A90500026D37F /* 2016年上.docx */,
				199A065C215A90500026D37F /* 2016年下.docx */,
				199A065D215A90510026D37F /* 2017年上.docx */,
				199A065B215A90500026D37F /* 2017年下.docx */,
			);
			path = Doc;
			sourceTree = "<group>";
		};
		199A066A215BCAB20026D37F /* Audio */ = {
			isa = PBXGroup;
			children = (
				199A066B215BCAB20026D37F /* 古代奇案001.mp3 */,
				199A066D215BCAB20026D37F /* 古代奇案002.mp3 */,
				199A066C215BCAB20026D37F /* 古代奇案003.mp3 */,
			);
			path = Audio;
			sourceTree = "<group>";
		};
		19BDD08D20D539FC00C9117D /* Tool */ = {
			isa = PBXGroup;
			children = (
				19BDD08F20D539FC00C9117D /* PPSDataBaseHelper.h */,
				19BDD08E20D539FC00C9117D /* PPSDataBaseHelper.m */,
			);
			path = Tool;
			sourceTree = "<group>";
		};
		19BDD09020D539FC00C9117D /* Category */ = {
			isa = PBXGroup;
			children = (
				19911C3C20EE1930007C24F4 /* UIView+Extension.h */,
				19911C3B20EE1930007C24F4 /* UIView+Extension.m */,
				19BDD09220D539FC00C9117D /* NSString+PPSAddition.h */,
				19BDD09120D539FC00C9117D /* NSString+PPSAddition.m */,
				19186DA620D8AA7B0031CB8F /* UIImage+PPSAddition.h */,
				19186DA720D8AA7B0031CB8F /* UIImage+PPSAddition.m */,
				19911C2720ECC419007C24F4 /* UITextView+PPSAddition.h */,
				19911C2820ECC419007C24F4 /* UITextView+PPSAddition.m */,
			);
			path = Category;
			sourceTree = "<group>";
		};
		19BDD09320D539FC00C9117D /* Resource */ = {
			isa = PBXGroup;
			children = (
				199A066A215BCAB20026D37F /* Audio */,
				199A064721573E9A0026D37F /* Doc */,
				197DAE9520E47AEC002D7B8C /* awesomeResume */,
				19205D3C214FEE11001035CC /* dmyy */,
				19186DC220DA87E30031CB8F /* add@3x.png */,
				19186DA020D89E550031CB8F /* share_sel@3x.png */,
				19186D9F20D89E550031CB8F /* share_unsel@3x.png */,
				19BDD09420D539FC00C9117D /* patient.jpg */,
				19BDD09520D539FC00C9117D /* positive.png */,
			);
			path = Resource;
			sourceTree = "<group>";
		};
		19E1516820A4374D001D6E60 = {
			isa = PBXGroup;
			children = (
				19E1517320A4374D001D6E60 /* PositivePersons */,
				19E1518C20A4374D001D6E60 /* PositivePersonsTests */,
				19E1519720A4374E001D6E60 /* PositivePersonsUITests */,
				19E1517220A4374D001D6E60 /* Products */,
				4B826A1C129D8BF9DAABD895 /* Pods */,
				FA674348652BB74D398C3511 /* Frameworks */,
			);
			sourceTree = "<group>";
		};
		19E1517220A4374D001D6E60 /* Products */ = {
			isa = PBXGroup;
			children = (
				19E1517120A4374D001D6E60 /* PositivePersons.app */,
				19E1518920A4374D001D6E60 /* PositivePersonsTests.xctest */,
				19E1519420A4374E001D6E60 /* PositivePersonsUITests.xctest */,
			);
			name = Products;
			sourceTree = "<group>";
		};
		19E1517320A4374D001D6E60 /* PositivePersons */ = {
			isa = PBXGroup;
			children = (
				193F24FF20AEC68200F08873 /* Project */,
				19E1517A20A4374D001D6E60 /* Main.storyboard */,
				19E1517D20A4374D001D6E60 /* Assets.xcassets */,
				19E1517F20A4374D001D6E60 /* LaunchScreen.storyboard */,
				19E1518220A4374D001D6E60 /* Info.plist */,
				19E1518320A4374D001D6E60 /* main.m */,
			);
			path = PositivePersons;
			sourceTree = "<group>";
		};
		19E1518C20A4374D001D6E60 /* PositivePersonsTests */ = {
			isa = PBXGroup;
			children = (
				19E1518D20A4374D001D6E60 /* PositivePersonsTests.m */,
				19E1518F20A4374D001D6E60 /* Info.plist */,
				193F255020B69C2C00F08873 /* PPSTestUrl.m */,
			);
			path = PositivePersonsTests;
			sourceTree = "<group>";
		};
		19E1519720A4374E001D6E60 /* PositivePersonsUITests */ = {
			isa = PBXGroup;
			children = (
				19E1519820A4374E001D6E60 /* PositivePersonsUITests.m */,
				19E1519A20A4374E001D6E60 /* Info.plist */,
			);
			path = PositivePersonsUITests;
			sourceTree = "<group>";
		};
		4B826A1C129D8BF9DAABD895 /* Pods */ = {
			isa = PBXGroup;
			children = (
				F54D0C87A234CAED2A7A2962 /* Pods-PositivePersons.debug.xcconfig */,
				00666E991F76909CB0DFC444 /* Pods-PositivePersons.release.xcconfig */,
			);
			name = Pods;
			sourceTree = "<group>";
		};
		FA674348652BB74D398C3511 /* Frameworks */ = {
			isa = PBXGroup;
			children = (
				19186D9D20D89B100031CB8F /* libxml2.2.tbd */,
				7B79EB732C51B29357289897 /* libPods-PositivePersons.a */,
			);
			name = Frameworks;
			sourceTree = "<group>";
		};
/* End PBXGroup section */

/* Begin PBXNativeTarget section */
		19E1517020A4374D001D6E60 /* PositivePersons */ = {
			isa = PBXNativeTarget;
			buildConfigurationList = 19E1519D20A4374E001D6E60 /* Build configuration list for PBXNativeTarget "PositivePersons" */;
			buildPhases = (
				54B80FEEDB8EBF82AB8965EF /* [CP] Check Pods Manifest.lock */,
				19E1516D20A4374D001D6E60 /* Sources */,
				19E1516E20A4374D001D6E60 /* Frameworks */,
				19E1516F20A4374D001D6E60 /* Resources */,
				75D08D7E63CE11D1F0004554 /* [CP] Embed Pods Frameworks */,
				B0E4E30177939B4B03889DB3 /* [CP] Copy Pods Resources */,
			);
			buildRules = (
			);
			dependencies = (
			);
			name = PositivePersons;
			productName = PositivePersons;
			productReference = 19E1517120A4374D001D6E60 /* PositivePersons.app */;
			productType = "com.apple.product-type.application";
		};
		19E1518820A4374D001D6E60 /* PositivePersonsTests */ = {
			isa = PBXNativeTarget;
			buildConfigurationList = 19E151A020A4374E001D6E60 /* Build configuration list for PBXNativeTarget "PositivePersonsTests" */;
			buildPhases = (
				19E1518520A4374D001D6E60 /* Sources */,
				19E1518620A4374D001D6E60 /* Frameworks */,
				19E1518720A4374D001D6E60 /* Resources */,
			);
			buildRules = (
			);
			dependencies = (
				19E1518B20A4374D001D6E60 /* PBXTargetDependency */,
			);
			name = PositivePersonsTests;
			productName = PositivePersonsTests;
			productReference = 19E1518920A4374D001D6E60 /* PositivePersonsTests.xctest */;
			productType = "com.apple.product-type.bundle.unit-test";
		};
		19E1519320A4374E001D6E60 /* PositivePersonsUITests */ = {
			isa = PBXNativeTarget;
			buildConfigurationList = 19E151A320A4374E001D6E60 /* Build configuration list for PBXNativeTarget "PositivePersonsUITests" */;
			buildPhases = (
				19E1519020A4374E001D6E60 /* Sources */,
				19E1519120A4374E001D6E60 /* Frameworks */,
				19E1519220A4374E001D6E60 /* Resources */,
			);
			buildRules = (
			);
			dependencies = (
				19E1519620A4374E001D6E60 /* PBXTargetDependency */,
			);
			name = PositivePersonsUITests;
			productName = PositivePersonsUITests;
			productReference = 19E1519420A4374E001D6E60 /* PositivePersonsUITests.xctest */;
			productType = "com.apple.product-type.bundle.ui-testing";
		};
/* End PBXNativeTarget section */

/* Begin PBXProject section */
		19E1516920A4374D001D6E60 /* Project object */ = {
			isa = PBXProject;
			attributes = {
				CLASSPREFIX = PPS;
				LastUpgradeCheck = 0910;
				ORGANIZATIONNAME = zynabc;
				TargetAttributes = {
					19E1517020A4374D001D6E60 = {
						CreatedOnToolsVersion = 9.1;
						LastSwiftMigration = 1000;
						ProvisioningStyle = Automatic;
						SystemCapabilities = {
							com.apple.BackgroundModes = {
								enabled = 1;
							};
							com.apple.Push = {
								enabled = 0;
							};
							com.apple.Siri = {
								enabled = 0;
							};
						};
					};
					19E1518820A4374D001D6E60 = {
						CreatedOnToolsVersion = 9.1;
						ProvisioningStyle = Manual;
						TestTargetID = 19E1517020A4374D001D6E60;
					};
					19E1519320A4374E001D6E60 = {
						CreatedOnToolsVersion = 9.1;
						ProvisioningStyle = Manual;
						TestTargetID = 19E1517020A4374D001D6E60;
					};
				};
			};
			buildConfigurationList = 19E1516C20A4374D001D6E60 /* Build configuration list for PBXProject "PositivePersons" */;
			compatibilityVersion = "Xcode 8.0";
			developmentRegion = en;
			hasScannedForEncodings = 0;
			knownRegions = (
				en,
				Base,
			);
			mainGroup = 19E1516820A4374D001D6E60;
			productRefGroup = 19E1517220A4374D001D6E60 /* Products */;
			projectDirPath = "";
			projectRoot = "";
			targets = (
				19E1517020A4374D001D6E60 /* PositivePersons */,
				19E1518820A4374D001D6E60 /* PositivePersonsTests */,
				19E1519320A4374E001D6E60 /* PositivePersonsUITests */,
			);
		};
/* End PBXProject section */

/* Begin PBXResourcesBuildPhase section */
		19E1516F20A4374D001D6E60 /* Resources */ = {
			isa = PBXResourcesBuildPhase;
			buildActionMask = 2147483647;
			files = (
				199A066E215BCAB30026D37F /* 古代奇案001.mp3 in Resources */,
				199A0669215BCA340026D37F /* PPSFreelyAudioViewController.xib in Resources */,
				1849859B224B69EB005B2C06 /* 2013年上.docx in Resources */,
				184985A2224B69EB005B2C06 /* 2014年下.docx in Resources */,
				184985A3224B69EB005B2C06 /* 2013年下.docx in Resources */,
				1849859F224B69EB005B2C06 /* 2010年上.docx in Resources */,
				199A065F215A90510026D37F /* 2017年下.docx in Resources */,
				19205D5B2155F0BE001035CC /* PPSFreelyWordTableViewCell.xib in Resources */,
				19205D44214FF316001035CC /* 001.mp3 in Resources */,
				18498597224B69EB005B2C06 /* 2014年上.docx in Resources */,
				19205D602155F0CF001035CC /* PPSFreelyAudioTableViewCell.xib in Resources */,
				1849859D224B69EB005B2C06 /* 2009年下.docx in Resources */,
				199A0660215A90510026D37F /* 2016年下.docx in Resources */,
				1849859A224B69EB005B2C06 /* 2015年下.docx in Resources */,
				18498599224B69EB005B2C06 /* 2009年上.docx in Resources */,
				184985A0224B69EB005B2C06 /* 2015年上.docx in Resources */,
				19186DC320DA87E30031CB8F /* add@3x.png in Resources */,
				184985A1224B69EB005B2C06 /* 2011年上.docx in Resources */,
				19BDD09820D539FC00C9117D /* patient.jpg in Resources */,
				197DAE9620E47AED002D7B8C /* awesomeResume in Resources */,
				1849859E224B69EB005B2C06 /* 2010年下.docx in Resources */,
				1849859C224B69EB005B2C06 /* 2011年下.docx in Resources */,
				199A0670215BCAB30026D37F /* 古代奇案002.mp3 in Resources */,
				19186DA120D89E550031CB8F /* share_unsel@3x.png in Resources */,
				19BDD09920D539FC00C9117D /* positive.png in Resources */,
				18498596224B69EB005B2C06 /* 2012年下.docx in Resources */,
				199A0661215A90510026D37F /* 2017年上.docx in Resources */,
				19186DA220D89E550031CB8F /* share_sel@3x.png in Resources */,
				19E1518120A4374D001D6E60 /* LaunchScreen.storyboard in Resources */,
				18498598224B69EB005B2C06 /* 2012年上.docx in Resources */,
				199A065E215A90510026D37F /* 2016年上.docx in Resources */,
				199A0659215740120026D37F /* PPSFreelyReadViewController.xib in Resources */,
				19E1517E20A4374D001D6E60 /* Assets.xcassets in Resources */,
				199A066F215BCAB30026D37F /* 古代奇案003.mp3 in Resources */,
				19E1517C20A4374D001D6E60 /* Main.storyboard in Resources */,
			);
			runOnlyForDeploymentPostprocessing = 0;
		};
		19E1518720A4374D001D6E60 /* Resources */ = {
			isa = PBXResourcesBuildPhase;
			buildActionMask = 2147483647;
			files = (
			);
			runOnlyForDeploymentPostprocessing = 0;
		};
		19E1519220A4374E001D6E60 /* Resources */ = {
			isa = PBXResourcesBuildPhase;
			buildActionMask = 2147483647;
			files = (
			);
			runOnlyForDeploymentPostprocessing = 0;
		};
/* End PBXResourcesBuildPhase section */

/* Begin PBXShellScriptBuildPhase section */
		54B80FEEDB8EBF82AB8965EF /* [CP] Check Pods Manifest.lock */ = {
			isa = PBXShellScriptBuildPhase;
			buildActionMask = 2147483647;
			files = (
			);
			inputPaths = (
				"${PODS_PODFILE_DIR_PATH}/Podfile.lock",
				"${PODS_ROOT}/Manifest.lock",
			);
			name = "[CP] Check Pods Manifest.lock";
			outputPaths = (
				"$(DERIVED_FILE_DIR)/Pods-PositivePersons-checkManifestLockResult.txt",
			);
			runOnlyForDeploymentPostprocessing = 0;
			shellPath = /bin/sh;
			shellScript = "diff \"${PODS_PODFILE_DIR_PATH}/Podfile.lock\" \"${PODS_ROOT}/Manifest.lock\" > /dev/null\nif [ $? != 0 ] ; then\n    # print error to STDERR\n    echo \"error: The sandbox is not in sync with the Podfile.lock. Run 'pod install' or update your CocoaPods installation.\" >&2\n    exit 1\nfi\n# This output is used by Xcode 'outputs' to avoid re-running this script phase.\necho \"SUCCESS\" > \"${SCRIPT_OUTPUT_FILE_0}\"\n";
			showEnvVarsInLog = 0;
		};
		75D08D7E63CE11D1F0004554 /* [CP] Embed Pods Frameworks */ = {
			isa = PBXShellScriptBuildPhase;
			buildActionMask = 2147483647;
			files = (
			);
			inputPaths = (
			);
			name = "[CP] Embed Pods Frameworks";
			outputPaths = (
			);
			runOnlyForDeploymentPostprocessing = 0;
			shellPath = /bin/sh;
			shellScript = "\"${SRCROOT}/Pods/Target Support Files/Pods-PositivePersons/Pods-PositivePersons-frameworks.sh\"\n";
			showEnvVarsInLog = 0;
		};
		B0E4E30177939B4B03889DB3 /* [CP] Copy Pods Resources */ = {
			isa = PBXShellScriptBuildPhase;
			buildActionMask = 2147483647;
			files = (
			);
			inputPaths = (
			);
			name = "[CP] Copy Pods Resources";
			outputPaths = (
			);
			runOnlyForDeploymentPostprocessing = 0;
			shellPath = /bin/sh;
			shellScript = "\"${SRCROOT}/Pods/Target Support Files/Pods-PositivePersons/Pods-PositivePersons-resources.sh\"\n";
			showEnvVarsInLog = 0;
		};
/* End PBXShellScriptBuildPhase section */

/* Begin PBXSourcesBuildPhase section */
		19E1516D20A4374D001D6E60 /* Sources */ = {
			isa = PBXSourcesBuildPhase;
			buildActionMask = 2147483647;
			files = (
				19911C2C20ECCEE9007C24F4 /* PPSClockView.m in Sources */,
				199A0658215740120026D37F /* PPSFreelyReadViewController.m in Sources */,
				193F25AD20B9B69800F08873 /* AFURLRequestSerialization.m in Sources */,
				193F25DE20BB0FD300F08873 /* MJExtensionConst.m in Sources */,
				199A0668215BCA340026D37F /* PPSFreelyAudioViewController.m in Sources */,
				193F254620B2AF8300F08873 /* PPSRefreshFooter.m in Sources */,
				193F259820B9B2F200F08873 /* MASViewConstraint.m in Sources */,
				193F259520B9B2F200F08873 /* NSArray+MASAdditions.m in Sources */,
				193F25DB20BB0FD300F08873 /* NSObject+MJKeyValue.m in Sources */,
				193F251B20AEC68300F08873 /* PPSOptionsTableViewCell.m in Sources */,
				193F25DF20BB0FD300F08873 /* NSObject+MJProperty.m in Sources */,
				19186DA520D8A0D70031CB8F /* PPSBlogViewController.m in Sources */,
				193F25DA20BB0FD300F08873 /* MJPropertyType.m in Sources */,
				193F25BA20BAE02E00F08873 /* PPSHomeTableViewDatasource.m in Sources */,
				19FD430F2104AB20008878CF /* PPSHomeHeaderView.m in Sources */,
				19BDD09620D539FC00C9117D /* PPSDataBaseHelper.m in Sources */,
				193F25E220BB0FD300F08873 /* MJPropertyKey.m in Sources */,
				19E1518420A4374D001D6E60 /* main.m in Sources */,
				19205D4C2155E307001035CC /* PPSFreelyTableViewDelegate.m in Sources */,
				193F259920B9B2F200F08873 /* MASViewAttribute.m in Sources */,
				19205D632156295C001035CC /* PPSFreelyTableViewHeaderView.m in Sources */,
				19911C2920ECC419007C24F4 /* UITextView+PPSAddition.m in Sources */,
				19205D5F2155F0CF001035CC /* PPSFreelyAudioTableViewCell.m in Sources */,
				193F252B20B1D11C00F08873 /* PPSOptionsTableViewDataSource.m in Sources */,
				193F259720B9B2F200F08873 /* MASConstraint.m in Sources */,
				193F254720B2AF8300F08873 /* PPSRefreshHeader.m in Sources */,
				193F25AE20B9B69800F08873 /* AFNetworkReachabilityManager.m in Sources */,
				193F252C20B1D11C00F08873 /* PPSOptionsTableViewDelegate.m in Sources */,
				193F251820AEC68300F08873 /* PPSOptionsTableViewModel.m in Sources */,
				19186D9C20D6B7A00031CB8F /* PPSAnalysisViewController.m in Sources */,
				193F25AC20B9B69800F08873 /* AFURLSessionManager.m in Sources */,
				193F259620B9B2F200F08873 /* View+MASAdditions.m in Sources */,
				193F25BD20BAE16900F08873 /* PPSHomeTableViewCell.m in Sources */,
				193F25AB20B9B69800F08873 /* AFHTTPSessionManager.m in Sources */,
				193F25E320BB0FD300F08873 /* MJFoundation.m in Sources */,
				193F259320B9B2F200F08873 /* MASConstraintMaker.m in Sources */,
				193F251D20AEC68300F08873 /* PPSTabBarController.m in Sources */,
				193F251A20AEC68300F08873 /* PPSOptionModel.m in Sources */,
				193F25B720BADFF700F08873 /* PPSHomeTableViewDelegate.m in Sources */,
				193F25DC20BB0FD300F08873 /* MJProperty.m in Sources */,
				19911C3D20EE1930007C24F4 /* UIView+Extension.m in Sources */,
				19205D4F2155E32B001035CC /* PPSFreelyTableViewDatasource.m in Sources */,
				19205D5A2155F0BE001035CC /* PPSFreelyWordTableViewCell.m in Sources */,
				193F259020B9B2F200F08873 /* NSLayoutConstraint+MASDebugAdditions.m in Sources */,
				193F251720AEC68300F08873 /* PPSHomeViewController.m in Sources */,
				193F25AF20B9B69800F08873 /* AFSecurityPolicy.m in Sources */,
				193F259120B9B2F200F08873 /* ViewController+MASAdditions.m in Sources */,
				193F25E020BB0FD300F08873 /* NSObject+MJClass.m in Sources */,
				19186DC620DA89930031CB8F /* PPSInputTaskView.m in Sources */,
				193F259220B9B2F200F08873 /* MASCompositeConstraint.m in Sources */,
				193F251920AEC68300F08873 /* PPSOptionsViewController.m in Sources */,
				199A0664215BC83C0026D37F /* PPSFreelyViewModel.m in Sources */,
				193F25C020BAE1F600F08873 /* PPSHomeModel.m in Sources */,
				19205D552155F055001035CC /* PPSFreelyViewController.m in Sources */,
				19BDD09720D539FC00C9117D /* NSString+PPSAddition.m in Sources */,
				193F259420B9B2F200F08873 /* MASLayoutConstraint.m in Sources */,
				193F25DD20BB0FD300F08873 /* NSObject+MJCoding.m in Sources */,
				19186DA820D8AA7B0031CB8F /* UIImage+PPSAddition.m in Sources */,
				193F25E120BB0FD300F08873 /* NSString+MJExtension.m in Sources */,
				193F25AA20B9B69800F08873 /* AFURLResponseSerialization.m in Sources */,
				19186DAF20D8E4C80031CB8F /* PPSAnalysisViewModel.m in Sources */,
				19186DAC20D8E3E20031CB8F /* PPSTrendView.m in Sources */,
				193F25C320BAE3C200F08873 /* PPSHomeTableViewModel.m in Sources */,
				193F251C20AEC68300F08873 /* AppDelegate.m in Sources */,
			);
			runOnlyForDeploymentPostprocessing = 0;
		};
		19E1518520A4374D001D6E60 /* Sources */ = {
			isa = PBXSourcesBuildPhase;
			buildActionMask = 2147483647;
			files = (
				19E1518E20A4374D001D6E60 /* PositivePersonsTests.m in Sources */,
				193F255120B69C2C00F08873 /* PPSTestUrl.m in Sources */,
			);
			runOnlyForDeploymentPostprocessing = 0;
		};
		19E1519020A4374E001D6E60 /* Sources */ = {
			isa = PBXSourcesBuildPhase;
			buildActionMask = 2147483647;
			files = (
				19E1519920A4374E001D6E60 /* PositivePersonsUITests.m in Sources */,
			);
			runOnlyForDeploymentPostprocessing = 0;
		};
/* End PBXSourcesBuildPhase section */

/* Begin PBXTargetDependency section */
		19E1518B20A4374D001D6E60 /* PBXTargetDependency */ = {
			isa = PBXTargetDependency;
			target = 19E1517020A4374D001D6E60 /* PositivePersons */;
			targetProxy = 19E1518A20A4374D001D6E60 /* PBXContainerItemProxy */;
		};
		19E1519620A4374E001D6E60 /* PBXTargetDependency */ = {
			isa = PBXTargetDependency;
			target = 19E1517020A4374D001D6E60 /* PositivePersons */;
			targetProxy = 19E1519520A4374E001D6E60 /* PBXContainerItemProxy */;
		};
/* End PBXTargetDependency section */

/* Begin PBXVariantGroup section */
		19E1517A20A4374D001D6E60 /* Main.storyboard */ = {
			isa = PBXVariantGroup;
			children = (
				19E1517B20A4374D001D6E60 /* Base */,
			);
			name = Main.storyboard;
			sourceTree = "<group>";
		};
		19E1517F20A4374D001D6E60 /* LaunchScreen.storyboard */ = {
			isa = PBXVariantGroup;
			children = (
				19E1518020A4374D001D6E60 /* Base */,
			);
			name = LaunchScreen.storyboard;
			sourceTree = "<group>";
		};
/* End PBXVariantGroup section */

/* Begin XCBuildConfiguration section */
		19E1519B20A4374E001D6E60 /* Debug */ = {
			isa = XCBuildConfiguration;
			buildSettings = {
				ALWAYS_SEARCH_USER_PATHS = NO;
				CLANG_ANALYZER_NONNULL = YES;
				CLANG_ANALYZER_NUMBER_OBJECT_CONVERSION = YES_AGGRESSIVE;
				CLANG_CXX_LANGUAGE_STANDARD = "gnu++14";
				CLANG_CXX_LIBRARY = "libc++";
				CLANG_ENABLE_MODULES = YES;
				CLANG_ENABLE_OBJC_ARC = YES;
				CLANG_WARN_BLOCK_CAPTURE_AUTORELEASING = YES;
				CLANG_WARN_BOOL_CONVERSION = YES;
				CLANG_WARN_COMMA = YES;
				CLANG_WARN_CONSTANT_CONVERSION = YES;
				CLANG_WARN_DIRECT_OBJC_ISA_USAGE = YES_ERROR;
				CLANG_WARN_DOCUMENTATION_COMMENTS = YES;
				CLANG_WARN_EMPTY_BODY = YES;
				CLANG_WARN_ENUM_CONVERSION = YES;
				CLANG_WARN_INFINITE_RECURSION = YES;
				CLANG_WARN_INT_CONVERSION = YES;
				CLANG_WARN_NON_LITERAL_NULL_CONVERSION = YES;
				CLANG_WARN_OBJC_LITERAL_CONVERSION = YES;
				CLANG_WARN_OBJC_ROOT_CLASS = YES_ERROR;
				CLANG_WARN_RANGE_LOOP_ANALYSIS = YES;
				CLANG_WARN_STRICT_PROTOTYPES = YES;
				CLANG_WARN_SUSPICIOUS_MOVE = YES;
				CLANG_WARN_UNGUARDED_AVAILABILITY = YES_AGGRESSIVE;
				CLANG_WARN_UNREACHABLE_CODE = YES;
				CLANG_WARN__DUPLICATE_METHOD_MATCH = YES;
				CODE_SIGN_IDENTITY = "iPhone Developer: yang yang (QP2QGEH66W)";
				COPY_PHASE_STRIP = NO;
				DEBUG_INFORMATION_FORMAT = dwarf;
				ENABLE_STRICT_OBJC_MSGSEND = YES;
				ENABLE_TESTABILITY = YES;
				GCC_C_LANGUAGE_STANDARD = gnu11;
				GCC_DYNAMIC_NO_PIC = NO;
				GCC_NO_COMMON_BLOCKS = YES;
				GCC_OPTIMIZATION_LEVEL = 0;
				GCC_PREPROCESSOR_DEFINITIONS = (
					"DEBUG=1",
					"$(inherited)",
				);
				GCC_WARN_64_TO_32_BIT_CONVERSION = YES;
				GCC_WARN_ABOUT_RETURN_TYPE = YES_ERROR;
				GCC_WARN_UNDECLARED_SELECTOR = YES;
				GCC_WARN_UNINITIALIZED_AUTOS = YES_AGGRESSIVE;
				GCC_WARN_UNUSED_FUNCTION = YES;
				GCC_WARN_UNUSED_VARIABLE = YES;
				IPHONEOS_DEPLOYMENT_TARGET = 11.1;
				MTL_ENABLE_DEBUG_INFO = YES;
				ONLY_ACTIVE_ARCH = YES;
				SDKROOT = iphoneos;
			};
			name = Debug;
		};
		19E1519C20A4374E001D6E60 /* Release */ = {
			isa = XCBuildConfiguration;
			buildSettings = {
				ALWAYS_SEARCH_USER_PATHS = NO;
				CLANG_ANALYZER_NONNULL = YES;
				CLANG_ANALYZER_NUMBER_OBJECT_CONVERSION = YES_AGGRESSIVE;
				CLANG_CXX_LANGUAGE_STANDARD = "gnu++14";
				CLANG_CXX_LIBRARY = "libc++";
				CLANG_ENABLE_MODULES = YES;
				CLANG_ENABLE_OBJC_ARC = YES;
				CLANG_WARN_BLOCK_CAPTURE_AUTORELEASING = YES;
				CLANG_WARN_BOOL_CONVERSION = YES;
				CLANG_WARN_COMMA = YES;
				CLANG_WARN_CONSTANT_CONVERSION = YES;
				CLANG_WARN_DIRECT_OBJC_ISA_USAGE = YES_ERROR;
				CLANG_WARN_DOCUMENTATION_COMMENTS = YES;
				CLANG_WARN_EMPTY_BODY = YES;
				CLANG_WARN_ENUM_CONVERSION = YES;
				CLANG_WARN_INFINITE_RECURSION = YES;
				CLANG_WARN_INT_CONVERSION = YES;
				CLANG_WARN_NON_LITERAL_NULL_CONVERSION = YES;
				CLANG_WARN_OBJC_LITERAL_CONVERSION = YES;
				CLANG_WARN_OBJC_ROOT_CLASS = YES_ERROR;
				CLANG_WARN_RANGE_LOOP_ANALYSIS = YES;
				CLANG_WARN_STRICT_PROTOTYPES = YES;
				CLANG_WARN_SUSPICIOUS_MOVE = YES;
				CLANG_WARN_UNGUARDED_AVAILABILITY = YES_AGGRESSIVE;
				CLANG_WARN_UNREACHABLE_CODE = YES;
				CLANG_WARN__DUPLICATE_METHOD_MATCH = YES;
				CODE_SIGN_IDENTITY = "iPhone Developer";
				COPY_PHASE_STRIP = NO;
				DEBUG_INFORMATION_FORMAT = "dwarf-with-dsym";
				ENABLE_NS_ASSERTIONS = NO;
				ENABLE_STRICT_OBJC_MSGSEND = YES;
				GCC_C_LANGUAGE_STANDARD = gnu11;
				GCC_NO_COMMON_BLOCKS = YES;
				GCC_WARN_64_TO_32_BIT_CONVERSION = YES;
				GCC_WARN_ABOUT_RETURN_TYPE = YES_ERROR;
				GCC_WARN_UNDECLARED_SELECTOR = YES;
				GCC_WARN_UNINITIALIZED_AUTOS = YES_AGGRESSIVE;
				GCC_WARN_UNUSED_FUNCTION = YES;
				GCC_WARN_UNUSED_VARIABLE = YES;
				IPHONEOS_DEPLOYMENT_TARGET = 11.1;
				MTL_ENABLE_DEBUG_INFO = NO;
				SDKROOT = iphoneos;
				VALIDATE_PRODUCT = YES;
			};
			name = Release;
		};
		19E1519E20A4374E001D6E60 /* Debug */ = {
			isa = XCBuildConfiguration;
			baseConfigurationReference = F54D0C87A234CAED2A7A2962 /* Pods-PositivePersons.debug.xcconfig */;
			buildSettings = {
				ASSETCATALOG_COMPILER_APPICON_NAME = AppIcon;
				CLANG_ENABLE_MODULES = YES;
				CODE_SIGN_IDENTITY = "iPhone Developer";
				"CODE_SIGN_IDENTITY[sdk=iphoneos*]" = "iPhone Developer";
				CODE_SIGN_STYLE = Automatic;
				DEVELOPMENT_TEAM = UA62U3JARN;
				GCC_PREFIX_HEADER = "$(SRCROOT)/PositivePersons/Project/Base/PrefixHeader.pch";
				INFOPLIST_FILE = PositivePersons/Info.plist;
				IPHONEOS_DEPLOYMENT_TARGET = 9.0;
				LD_RUNPATH_SEARCH_PATHS = "$(inherited) @executable_path/Frameworks";
				PRODUCT_BUNDLE_IDENTIFIER = com.zyn.positiveperson;
				PRODUCT_NAME = "$(TARGET_NAME)";
				PROVISIONING_PROFILE = "1cdbf926-0690-49f3-b0f0-42c8c88f387a";
				PROVISIONING_PROFILE_SPECIFIER = "";
				SWIFT_OPTIMIZATION_LEVEL = "-Onone";
				SWIFT_VERSION = 4.2;
				TARGETED_DEVICE_FAMILY = 1;
			};
			name = Debug;
		};
		19E1519F20A4374E001D6E60 /* Release */ = {
			isa = XCBuildConfiguration;
			baseConfigurationReference = 00666E991F76909CB0DFC444 /* Pods-PositivePersons.release.xcconfig */;
			buildSettings = {
				ASSETCATALOG_COMPILER_APPICON_NAME = AppIcon;
				CLANG_ENABLE_MODULES = YES;
				CODE_SIGN_IDENTITY = "iPhone Distribution";
				"CODE_SIGN_IDENTITY[sdk=iphoneos*]" = "iPhone Distribution";
				CODE_SIGN_STYLE = Automatic;
				DEVELOPMENT_TEAM = UA62U3JARN;
				GCC_PREFIX_HEADER = "$(SRCROOT)/PositivePersons/Project/Base/PrefixHeader.pch";
				INFOPLIST_FILE = PositivePersons/Info.plist;
				IPHONEOS_DEPLOYMENT_TARGET = 9.0;
				LD_RUNPATH_SEARCH_PATHS = "$(inherited) @executable_path/Frameworks";
				PRODUCT_BUNDLE_IDENTIFIER = com.zyn.positiveperson;
				PRODUCT_NAME = "$(TARGET_NAME)";
				PROVISIONING_PROFILE = "";
				PROVISIONING_PROFILE_SPECIFIER = "";
				SWIFT_VERSION = 4.2;
				TARGETED_DEVICE_FAMILY = 1;
			};
			name = Release;
		};
		19E151A120A4374E001D6E60 /* Debug */ = {
			isa = XCBuildConfiguration;
			buildSettings = {
				BUNDLE_LOADER = "$(TEST_HOST)";
				"CODE_SIGN_IDENTITY[sdk=iphoneos*]" = "iPhone Developer";
				CODE_SIGN_STYLE = Manual;
				DEVELOPMENT_TEAM = 3RNRBZPDHP;
				INFOPLIST_FILE = PositivePersonsTests/Info.plist;
				LD_RUNPATH_SEARCH_PATHS = "$(inherited) @executable_path/Frameworks @loader_path/Frameworks";
				PRODUCT_BUNDLE_IDENTIFIER = com.zyn.PositivePersonsTests;
				PRODUCT_NAME = "$(TARGET_NAME)";
				PROVISIONING_PROFILE_SPECIFIER = "";
				TARGETED_DEVICE_FAMILY = "1,2";
				TEST_HOST = "$(BUILT_PRODUCTS_DIR)/PositivePersons.app/PositivePersons";
			};
			name = Debug;
		};
		19E151A220A4374E001D6E60 /* Release */ = {
			isa = XCBuildConfiguration;
			buildSettings = {
				BUNDLE_LOADER = "$(TEST_HOST)";
				CODE_SIGN_IDENTITY = "iPhone Distribution";
				"CODE_SIGN_IDENTITY[sdk=iphoneos*]" = "iPhone Distribution";
				CODE_SIGN_STYLE = Manual;
				DEVELOPMENT_TEAM = 3RNRBZPDHP;
				INFOPLIST_FILE = PositivePersonsTests/Info.plist;
				LD_RUNPATH_SEARCH_PATHS = "$(inherited) @executable_path/Frameworks @loader_path/Frameworks";
				PRODUCT_BUNDLE_IDENTIFIER = com.zyn.PositivePersonsTests;
				PRODUCT_NAME = "$(TARGET_NAME)";
				PROVISIONING_PROFILE_SPECIFIER = "";
				TARGETED_DEVICE_FAMILY = "1,2";
				TEST_HOST = "$(BUILT_PRODUCTS_DIR)/PositivePersons.app/PositivePersons";
			};
			name = Release;
		};
		19E151A420A4374E001D6E60 /* Debug */ = {
			isa = XCBuildConfiguration;
			buildSettings = {
				CODE_SIGN_STYLE = Manual;
				DEVELOPMENT_TEAM = 3RNRBZPDHP;
				INFOPLIST_FILE = PositivePersonsUITests/Info.plist;
				LD_RUNPATH_SEARCH_PATHS = "$(inherited) @executable_path/Frameworks @loader_path/Frameworks";
				PRODUCT_BUNDLE_IDENTIFIER = com.zyn.ppsuitests;
				PRODUCT_NAME = "$(TARGET_NAME)";
				PROVISIONING_PROFILE = "e69fe109-ae86-4c6a-b473-0682e9e5cd60";
				PROVISIONING_PROFILE_SPECIFIER = positivepersonsuitests_dev;
				TARGETED_DEVICE_FAMILY = "1,2";
				TEST_TARGET_NAME = PositivePersons;
			};
			name = Debug;
		};
		19E151A520A4374E001D6E60 /* Release */ = {
			isa = XCBuildConfiguration;
			buildSettings = {
				CODE_SIGN_IDENTITY = "iPhone Distribution";
				"CODE_SIGN_IDENTITY[sdk=iphoneos*]" = "iPhone Distribution";
				CODE_SIGN_STYLE = Manual;
				DEVELOPMENT_TEAM = 3RNRBZPDHP;
				INFOPLIST_FILE = PositivePersonsUITests/Info.plist;
				LD_RUNPATH_SEARCH_PATHS = "$(inherited) @executable_path/Frameworks @loader_path/Frameworks";
				PRODUCT_BUNDLE_IDENTIFIER = com.zyn.ppsuitests;
				PRODUCT_NAME = "$(TARGET_NAME)";
				PROVISIONING_PROFILE = "51667d93-defe-4271-aed1-a8bcfd8f8f10";
				PROVISIONING_PROFILE_SPECIFIER = PositivePersonsUITests_dis;
				TARGETED_DEVICE_FAMILY = "1,2";
				TEST_TARGET_NAME = PositivePersons;
			};
			name = Release;
		};
/* End XCBuildConfiguration section */

/* Begin XCConfigurationList section */
		19E1516C20A4374D001D6E60 /* Build configuration list for PBXProject "PositivePersons" */ = {
			isa = XCConfigurationList;
			buildConfigurations = (
				19E1519B20A4374E001D6E60 /* Debug */,
				19E1519C20A4374E001D6E60 /* Release */,
			);
			defaultConfigurationIsVisible = 0;
			defaultConfigurationName = Release;
		};
		19E1519D20A4374E001D6E60 /* Build configuration list for PBXNativeTarget "PositivePersons" */ = {
			isa = XCConfigurationList;
			buildConfigurations = (
				19E1519E20A4374E001D6E60 /* Debug */,
				19E1519F20A4374E001D6E60 /* Release */,
			);
			defaultConfigurationIsVisible = 0;
			defaultConfigurationName = Release;
		};
		19E151A020A4374E001D6E60 /* Build configuration list for PBXNativeTarget "PositivePersonsTests" */ = {
			isa = XCConfigurationList;
			buildConfigurations = (
				19E151A120A4374E001D6E60 /* Debug */,
				19E151A220A4374E001D6E60 /* Release */,
			);
			defaultConfigurationIsVisible = 0;
			defaultConfigurationName = Release;
		};
		19E151A320A4374E001D6E60 /* Build configuration list for PBXNativeTarget "PositivePersonsUITests" */ = {
			isa = XCConfigurationList;
			buildConfigurations = (
				19E151A420A4374E001D6E60 /* Debug */,
				19E151A520A4374E001D6E60 /* Release */,
			);
			defaultConfigurationIsVisible = 0;
			defaultConfigurationName = Release;
		};
/* End XCConfigurationList section */
	};
	rootObject = 19E1516920A4374D001D6E60 /* Project object */;
}
